// !$*UTF8*$!
{
	archiveVersion = 1;
	classes = {
	};
	objectVersion = 46;
	objects = {

/* Begin PBXBuildFile section */
		02176CC71A5871480CBF59B0 /* libPods.a in Frameworks */ = {isa = PBXBuildFile; fileRef = 90340C6F97E1864E32D7EDAF /* libPods.a */; };
		1E4B724B1C82E1850009C81F /* SHNRecomendViewController.m in Sources */ = {isa = PBXBuildFile; fileRef = 1E4B72491C82E1850009C81F /* SHNRecomendViewController.m */; };
		1E4B724C1C82E1850009C81F /* SHNRecomendViewController.xib in Resources */ = {isa = PBXBuildFile; fileRef = 1E4B724A1C82E1850009C81F /* SHNRecomendViewController.xib */; };
		1E4B724F1C82F1C30009C81F /* SHNRecomendCatogory.m in Sources */ = {isa = PBXBuildFile; fileRef = 1E4B724E1C82F1C30009C81F /* SHNRecomendCatogory.m */; };
		1E4B72521C82F1F20009C81F /* SHNRecomendCategoryCell.m in Sources */ = {isa = PBXBuildFile; fileRef = 1E4B72511C82F1F20009C81F /* SHNRecomendCategoryCell.m */; };
		1E4B72541C82F23D0009C81F /* SHNRecomendCategoryCell.xib in Resources */ = {isa = PBXBuildFile; fileRef = 1E4B72531C82F23D0009C81F /* SHNRecomendCategoryCell.xib */; };
		1E4B72561C82FD1E0009C81F /* Foundation+Log.m in Sources */ = {isa = PBXBuildFile; fileRef = 1E4B72551C82FD1E0009C81F /* Foundation+Log.m */; };
		1EAD82311C85C1D2008E5DCB /* SHNRecommendUser.m in Sources */ = {isa = PBXBuildFile; fileRef = 1EAD82301C85C1D2008E5DCB /* SHNRecommendUser.m */; };
		1EAD82351C85C204008E5DCB /* SHNRecommendUserCell.m in Sources */ = {isa = PBXBuildFile; fileRef = 1EAD82331C85C204008E5DCB /* SHNRecommendUserCell.m */; };
		1EAD82361C85C204008E5DCB /* SHNRecommendUserCell.xib in Resources */ = {isa = PBXBuildFile; fileRef = 1EAD82341C85C204008E5DCB /* SHNRecommendUserCell.xib */; };
		1EBE6ABA1C7F2B2100E3FDB4 /* SHNNavigationController.m in Sources */ = {isa = PBXBuildFile; fileRef = 1EBE6AB91C7F2B2100E3FDB4 /* SHNNavigationController.m */; };
		1EBE6ABC1C7F376300E3FDB4 /* SHNFriendTrendsViewController.xib in Resources */ = {isa = PBXBuildFile; fileRef = 1EBE6ABB1C7F376300E3FDB4 /* SHNFriendTrendsViewController.xib */; };
		1ED4C6AF1C7DFBCB009417C9 /* SHNEssenceViewController.m in Sources */ = {isa = PBXBuildFile; fileRef = 1ED4C68C1C7DFBCB009417C9 /* SHNEssenceViewController.m */; };
		1ED4C6B01C7DFBCB009417C9 /* SHNFriendTrendsViewController.m in Sources */ = {isa = PBXBuildFile; fileRef = 1ED4C6901C7DFBCB009417C9 /* SHNFriendTrendsViewController.m */; };
		1ED4C6B11C7DFBCB009417C9 /* SHNMeViewController.m in Sources */ = {isa = PBXBuildFile; fileRef = 1ED4C6961C7DFBCB009417C9 /* SHNMeViewController.m */; };
		1ED4C6B21C7DFBCB009417C9 /* SHNNewViewController.m in Sources */ = {isa = PBXBuildFile; fileRef = 1ED4C69C1C7DFBCB009417C9 /* SHNNewViewController.m */; };
		1ED4C6B31C7DFBCB009417C9 /* AppDelegate.m in Sources */ = {isa = PBXBuildFile; fileRef = 1ED4C6A11C7DFBCB009417C9 /* AppDelegate.m */; };
		1ED4C6B41C7DFBCB009417C9 /* UIBarButtonItem+SHNExtension.m in Sources */ = {isa = PBXBuildFile; fileRef = 1ED4C6A41C7DFBCB009417C9 /* UIBarButtonItem+SHNExtension.m */; };
		1ED4C6B51C7DFBCB009417C9 /* UIView+SHNExtension.m in Sources */ = {isa = PBXBuildFile; fileRef = 1ED4C6A61C7DFBCB009417C9 /* UIView+SHNExtension.m */; };
		1ED4C6B61C7DFBCB009417C9 /* SHNTabViewController.m in Sources */ = {isa = PBXBuildFile; fileRef = 1ED4C6A91C7DFBCB009417C9 /* SHNTabViewController.m */; };
		1ED4C6B71C7DFBCB009417C9 /* main.m in Sources */ = {isa = PBXBuildFile; fileRef = 1ED4C6AA1C7DFBCB009417C9 /* main.m */; };
		1ED4C6B81C7DFBCB009417C9 /* SHNTabBar.m in Sources */ = {isa = PBXBuildFile; fileRef = 1ED4C6AE1C7DFBCB009417C9 /* SHNTabBar.m */; };
		1EEB52091C7C8B2800953ECC /* Assets.xcassets in Resources */ = {isa = PBXBuildFile; fileRef = 1EEB52081C7C8B2800953ECC /* Assets.xcassets */; };
		1EEB52171C7C8B2800953ECC /* _____Tests.m in Sources */ = {isa = PBXBuildFile; fileRef = 1EEB52161C7C8B2800953ECC /* _____Tests.m */; };
/* End PBXBuildFile section */

/* Begin PBXContainerItemProxy section */
		1EEB52131C7C8B2800953ECC /* PBXContainerItemProxy */ = {
			isa = PBXContainerItemProxy;
			containerPortal = 1EEB51F11C7C8B2800953ECC /* Project object */;
			proxyType = 1;
			remoteGlobalIDString = 1EEB51F81C7C8B2800953ECC;
			remoteInfo = "百思不得姐";
		};
/* End PBXContainerItemProxy section */

/* Begin PBXFileReference section */
		1E4B72481C82E1850009C81F /* SHNRecomendViewController.h */ = {isa = PBXFileReference; fileEncoding = 4; lastKnownFileType = sourcecode.c.h; path = SHNRecomendViewController.h; sourceTree = "<group>"; };
		1E4B72491C82E1850009C81F /* SHNRecomendViewController.m */ = {isa = PBXFileReference; fileEncoding = 4; lastKnownFileType = sourcecode.c.objc; path = SHNRecomendViewController.m; sourceTree = "<group>"; };
		1E4B724A1C82E1850009C81F /* SHNRecomendViewController.xib */ = {isa = PBXFileReference; fileEncoding = 4; lastKnownFileType = file.xib; path = SHNRecomendViewController.xib; sourceTree = "<group>"; };
		1E4B724D1C82F1C30009C81F /* SHNRecomendCatogory.h */ = {isa = PBXFileReference; fileEncoding = 4; lastKnownFileType = sourcecode.c.h; path = SHNRecomendCatogory.h; sourceTree = "<group>"; };
		1E4B724E1C82F1C30009C81F /* SHNRecomendCatogory.m */ = {isa = PBXFileReference; fileEncoding = 4; lastKnownFileType = sourcecode.c.objc; path = SHNRecomendCatogory.m; sourceTree = "<group>"; };
		1E4B72501C82F1F20009C81F /* SHNRecomendCategoryCell.h */ = {isa = PBXFileReference; fileEncoding = 4; lastKnownFileType = sourcecode.c.h; path = SHNRecomendCategoryCell.h; sourceTree = "<group>"; };
		1E4B72511C82F1F20009C81F /* SHNRecomendCategoryCell.m */ = {isa = PBXFileReference; fileEncoding = 4; lastKnownFileType = sourcecode.c.objc; path = SHNRecomendCategoryCell.m; sourceTree = "<group>"; };
		1E4B72531C82F23D0009C81F /* SHNRecomendCategoryCell.xib */ = {isa = PBXFileReference; fileEncoding = 4; lastKnownFileType = file.xib; path = SHNRecomendCategoryCell.xib; sourceTree = "<group>"; };
		1E4B72551C82FD1E0009C81F /* Foundation+Log.m */ = {isa = PBXFileReference; fileEncoding = 4; lastKnownFileType = sourcecode.c.objc; path = "Foundation+Log.m"; sourceTree = "<group>"; };
		1EAD822F1C85C1D2008E5DCB /* SHNRecommendUser.h */ = {isa = PBXFileReference; fileEncoding = 4; lastKnownFileType = sourcecode.c.h; path = SHNRecommendUser.h; sourceTree = "<group>"; };
		1EAD82301C85C1D2008E5DCB /* SHNRecommendUser.m */ = {isa = PBXFileReference; fileEncoding = 4; lastKnownFileType = sourcecode.c.objc; path = SHNRecommendUser.m; sourceTree = "<group>"; };
		1EAD82321C85C204008E5DCB /* SHNRecommendUserCell.h */ = {isa = PBXFileReference; fileEncoding = 4; lastKnownFileType = sourcecode.c.h; path = SHNRecommendUserCell.h; sourceTree = "<group>"; };
		1EAD82331C85C204008E5DCB /* SHNRecommendUserCell.m */ = {isa = PBXFileReference; fileEncoding = 4; lastKnownFileType = sourcecode.c.objc; path = SHNRecommendUserCell.m; sourceTree = "<group>"; };
		1EAD82341C85C204008E5DCB /* SHNRecommendUserCell.xib */ = {isa = PBXFileReference; fileEncoding = 4; lastKnownFileType = file.xib; path = SHNRecommendUserCell.xib; sourceTree = "<group>"; };
		1EBE6AB81C7F2B2100E3FDB4 /* SHNNavigationController.h */ = {isa = PBXFileReference; fileEncoding = 4; lastKnownFileType = sourcecode.c.h; path = SHNNavigationController.h; sourceTree = "<group>"; };
		1EBE6AB91C7F2B2100E3FDB4 /* SHNNavigationController.m */ = {isa = PBXFileReference; fileEncoding = 4; lastKnownFileType = sourcecode.c.objc; path = SHNNavigationController.m; sourceTree = "<group>"; };
		1EBE6ABB1C7F376300E3FDB4 /* SHNFriendTrendsViewController.xib */ = {isa = PBXFileReference; fileEncoding = 4; lastKnownFileType = file.xib; path = SHNFriendTrendsViewController.xib; sourceTree = "<group>"; };
		1ED4C68B1C7DFBCB009417C9 /* SHNEssenceViewController.h */ = {isa = PBXFileReference; fileEncoding = 4; lastKnownFileType = sourcecode.c.h; path = SHNEssenceViewController.h; sourceTree = "<group>"; };
		1ED4C68C1C7DFBCB009417C9 /* SHNEssenceViewController.m */ = {isa = PBXFileReference; fileEncoding = 4; lastKnownFileType = sourcecode.c.objc; path = SHNEssenceViewController.m; sourceTree = "<group>"; };
		1ED4C68F1C7DFBCB009417C9 /* SHNFriendTrendsViewController.h */ = {isa = PBXFileReference; fileEncoding = 4; lastKnownFileType = sourcecode.c.h; path = SHNFriendTrendsViewController.h; sourceTree = "<group>"; };
		1ED4C6901C7DFBCB009417C9 /* SHNFriendTrendsViewController.m */ = {isa = PBXFileReference; fileEncoding = 4; lastKnownFileType = sourcecode.c.objc; path = SHNFriendTrendsViewController.m; sourceTree = "<group>"; };
		1ED4C6951C7DFBCB009417C9 /* SHNMeViewController.h */ = {isa = PBXFileReference; fileEncoding = 4; lastKnownFileType = sourcecode.c.h; path = SHNMeViewController.h; sourceTree = "<group>"; };
		1ED4C6961C7DFBCB009417C9 /* SHNMeViewController.m */ = {isa = PBXFileReference; fileEncoding = 4; lastKnownFileType = sourcecode.c.objc; path = SHNMeViewController.m; sourceTree = "<group>"; };
		1ED4C69B1C7DFBCB009417C9 /* SHNNewViewController.h */ = {isa = PBXFileReference; fileEncoding = 4; lastKnownFileType = sourcecode.c.h; path = SHNNewViewController.h; sourceTree = "<group>"; };
		1ED4C69C1C7DFBCB009417C9 /* SHNNewViewController.m */ = {isa = PBXFileReference; fileEncoding = 4; lastKnownFileType = sourcecode.c.objc; path = SHNNewViewController.m; sourceTree = "<group>"; };
		1ED4C6A01C7DFBCB009417C9 /* AppDelegate.h */ = {isa = PBXFileReference; fileEncoding = 4; lastKnownFileType = sourcecode.c.h; path = AppDelegate.h; sourceTree = "<group>"; };
		1ED4C6A11C7DFBCB009417C9 /* AppDelegate.m */ = {isa = PBXFileReference; fileEncoding = 4; lastKnownFileType = sourcecode.c.objc; path = AppDelegate.m; sourceTree = "<group>"; };
		1ED4C6A31C7DFBCB009417C9 /* UIBarButtonItem+SHNExtension.h */ = {isa = PBXFileReference; fileEncoding = 4; lastKnownFileType = sourcecode.c.h; path = "UIBarButtonItem+SHNExtension.h"; sourceTree = "<group>"; };
		1ED4C6A41C7DFBCB009417C9 /* UIBarButtonItem+SHNExtension.m */ = {isa = PBXFileReference; fileEncoding = 4; lastKnownFileType = sourcecode.c.objc; path = "UIBarButtonItem+SHNExtension.m"; sourceTree = "<group>"; };
		1ED4C6A51C7DFBCB009417C9 /* UIView+SHNExtension.h */ = {isa = PBXFileReference; fileEncoding = 4; lastKnownFileType = sourcecode.c.h; path = "UIView+SHNExtension.h"; sourceTree = "<group>"; };
		1ED4C6A61C7DFBCB009417C9 /* UIView+SHNExtension.m */ = {isa = PBXFileReference; fileEncoding = 4; lastKnownFileType = sourcecode.c.objc; path = "UIView+SHNExtension.m"; sourceTree = "<group>"; };
		1ED4C6A81C7DFBCB009417C9 /* SHNTabViewController.h */ = {isa = PBXFileReference; fileEncoding = 4; lastKnownFileType = sourcecode.c.h; path = SHNTabViewController.h; sourceTree = "<group>"; };
		1ED4C6A91C7DFBCB009417C9 /* SHNTabViewController.m */ = {isa = PBXFileReference; fileEncoding = 4; lastKnownFileType = sourcecode.c.objc; path = SHNTabViewController.m; sourceTree = "<group>"; };
		1ED4C6AA1C7DFBCB009417C9 /* main.m */ = {isa = PBXFileReference; fileEncoding = 4; lastKnownFileType = sourcecode.c.objc; path = main.m; sourceTree = "<group>"; };
		1ED4C6AB1C7DFBCB009417C9 /* PrefixHeader.pch */ = {isa = PBXFileReference; fileEncoding = 4; lastKnownFileType = sourcecode.c.h; path = PrefixHeader.pch; sourceTree = "<group>"; };
		1ED4C6AD1C7DFBCB009417C9 /* SHNTabBar.h */ = {isa = PBXFileReference; fileEncoding = 4; lastKnownFileType = sourcecode.c.h; path = SHNTabBar.h; sourceTree = "<group>"; };
		1ED4C6AE1C7DFBCB009417C9 /* SHNTabBar.m */ = {isa = PBXFileReference; fileEncoding = 4; lastKnownFileType = sourcecode.c.objc; path = SHNTabBar.m; sourceTree = "<group>"; };
		1EEB51F91C7C8B2800953ECC /* 百思不得姐.app */ = {isa = PBXFileReference; explicitFileType = wrapper.application; includeInIndex = 0; path = "百思不得姐.app"; sourceTree = BUILT_PRODUCTS_DIR; };
		1EEB52081C7C8B2800953ECC /* Assets.xcassets */ = {isa = PBXFileReference; lastKnownFileType = folder.assetcatalog; path = Assets.xcassets; sourceTree = "<group>"; };
		1EEB520D1C7C8B2800953ECC /* Info.plist */ = {isa = PBXFileReference; lastKnownFileType = text.plist.xml; path = Info.plist; sourceTree = "<group>"; };
		1EEB52121C7C8B2800953ECC /* 百思不得姐Tests.xctest */ = {isa = PBXFileReference; explicitFileType = wrapper.cfbundle; includeInIndex = 0; path = "百思不得姐Tests.xctest"; sourceTree = BUILT_PRODUCTS_DIR; };
		1EEB52161C7C8B2800953ECC /* _____Tests.m */ = {isa = PBXFileReference; lastKnownFileType = sourcecode.c.objc; path = "_____Tests.m"; sourceTree = "<group>"; };
		1EEB52181C7C8B2800953ECC /* Info.plist */ = {isa = PBXFileReference; lastKnownFileType = text.plist.xml; path = Info.plist; sourceTree = "<group>"; };
		90340C6F97E1864E32D7EDAF /* libPods.a */ = {isa = PBXFileReference; explicitFileType = archive.ar; includeInIndex = 0; path = libPods.a; sourceTree = BUILT_PRODUCTS_DIR; };
		BB81CF451888B8702571A5D8 /* Pods.debug.xcconfig */ = {isa = PBXFileReference; includeInIndex = 1; lastKnownFileType = text.xcconfig; name = Pods.debug.xcconfig; path = "Pods/Target Support Files/Pods/Pods.debug.xcconfig"; sourceTree = "<group>"; };
		FBA596042DEC14038ED5C12F /* Pods.release.xcconfig */ = {isa = PBXFileReference; includeInIndex = 1; lastKnownFileType = text.xcconfig; name = Pods.release.xcconfig; path = "Pods/Target Support Files/Pods/Pods.release.xcconfig"; sourceTree = "<group>"; };
/* End PBXFileReference section */

/* Begin PBXFrameworksBuildPhase section */
		1EEB51F61C7C8B2800953ECC /* Frameworks */ = {
			isa = PBXFrameworksBuildPhase;
			buildActionMask = 2147483647;
			files = (
				02176CC71A5871480CBF59B0 /* libPods.a in Frameworks */,
			);
			runOnlyForDeploymentPostprocessing = 0;
		};
		1EEB520F1C7C8B2800953ECC /* Frameworks */ = {
			isa = PBXFrameworksBuildPhase;
			buildActionMask = 2147483647;
			files = (
			);
			runOnlyForDeploymentPostprocessing = 0;
		};
/* End PBXFrameworksBuildPhase section */

/* Begin PBXGroup section */
		1ED4C6881C7DFBCB009417C9 /* Classes */ = {
			isa = PBXGroup;
			children = (
				1ED4C6891C7DFBCB009417C9 /* Essence-精华 */,
				1ED4C68D1C7DFBCB009417C9 /* FriendTrends-关注 */,
				1ED4C6931C7DFBCB009417C9 /* Me-我 */,
				1ED4C6991C7DFBCB009417C9 /* New-新帖 */,
				1ED4C69F1C7DFBCB009417C9 /* Other-其他 */,
			);
			path = Classes;
			sourceTree = "<group>";
		};
		1ED4C6891C7DFBCB009417C9 /* Essence-精华 */ = {
			isa = PBXGroup;
			children = (
				1ED4C68A1C7DFBCB009417C9 /* Controller */,
			);
			path = "Essence-精华";
			sourceTree = "<group>";
		};
		1ED4C68A1C7DFBCB009417C9 /* Controller */ = {
			isa = PBXGroup;
			children = (
				1ED4C68B1C7DFBCB009417C9 /* SHNEssenceViewController.h */,
				1ED4C68C1C7DFBCB009417C9 /* SHNEssenceViewController.m */,
			);
			path = Controller;
			sourceTree = "<group>";
		};
		1ED4C68D1C7DFBCB009417C9 /* FriendTrends-关注 */ = {
			isa = PBXGroup;
			children = (
				1ED4C68E1C7DFBCB009417C9 /* Controller */,
				1ED4C6911C7DFBCB009417C9 /* Model */,
				1ED4C6921C7DFBCB009417C9 /* View */,
			);
			path = "FriendTrends-关注";
			sourceTree = "<group>";
		};
		1ED4C68E1C7DFBCB009417C9 /* Controller */ = {
			isa = PBXGroup;
			children = (
				1ED4C68F1C7DFBCB009417C9 /* SHNFriendTrendsViewController.h */,
				1ED4C6901C7DFBCB009417C9 /* SHNFriendTrendsViewController.m */,
				1EBE6ABB1C7F376300E3FDB4 /* SHNFriendTrendsViewController.xib */,
				1E4B72481C82E1850009C81F /* SHNRecomendViewController.h */,
				1E4B72491C82E1850009C81F /* SHNRecomendViewController.m */,
				1E4B724A1C82E1850009C81F /* SHNRecomendViewController.xib */,
			);
			path = Controller;
			sourceTree = "<group>";
		};
		1ED4C6911C7DFBCB009417C9 /* Model */ = {
			isa = PBXGroup;
			children = (
				1E4B724D1C82F1C30009C81F /* SHNRecomendCatogory.h */,
				1E4B724E1C82F1C30009C81F /* SHNRecomendCatogory.m */,
				1EAD822F1C85C1D2008E5DCB /* SHNRecommendUser.h */,
				1EAD82301C85C1D2008E5DCB /* SHNRecommendUser.m */,
			);
			path = Model;
			sourceTree = "<group>";
		};
		1ED4C6921C7DFBCB009417C9 /* View */ = {
			isa = PBXGroup;
			children = (
				1E4B72501C82F1F20009C81F /* SHNRecomendCategoryCell.h */,
				1E4B72511C82F1F20009C81F /* SHNRecomendCategoryCell.m */,
				1E4B72531C82F23D0009C81F /* SHNRecomendCategoryCell.xib */,
				1EAD82321C85C204008E5DCB /* SHNRecommendUserCell.h */,
				1EAD82331C85C204008E5DCB /* SHNRecommendUserCell.m */,
				1EAD82341C85C204008E5DCB /* SHNRecommendUserCell.xib */,
			);
			path = View;
			sourceTree = "<group>";
		};
		1ED4C6931C7DFBCB009417C9 /* Me-我 */ = {
			isa = PBXGroup;
			children = (
				1ED4C6941C7DFBCB009417C9 /* Controller */,
				1ED4C6971C7DFBCB009417C9 /* Model */,
				1ED4C6981C7DFBCB009417C9 /* View */,
			);
			path = "Me-我";
			sourceTree = "<group>";
		};
		1ED4C6941C7DFBCB009417C9 /* Controller */ = {
			isa = PBXGroup;
			children = (
				1ED4C6951C7DFBCB009417C9 /* SHNMeViewController.h */,
				1ED4C6961C7DFBCB009417C9 /* SHNMeViewController.m */,
			);
			path = Controller;
			sourceTree = "<group>";
		};
		1ED4C6971C7DFBCB009417C9 /* Model */ = {
			isa = PBXGroup;
			children = (
			);
			path = Model;
			sourceTree = "<group>";
		};
		1ED4C6981C7DFBCB009417C9 /* View */ = {
			isa = PBXGroup;
			children = (
			);
			path = View;
			sourceTree = "<group>";
		};
		1ED4C6991C7DFBCB009417C9 /* New-新帖 */ = {
			isa = PBXGroup;
			children = (
				1ED4C69A1C7DFBCB009417C9 /* Controller */,
				1ED4C69D1C7DFBCB009417C9 /* Model */,
				1ED4C69E1C7DFBCB009417C9 /* View */,
			);
			path = "New-新帖";
			sourceTree = "<group>";
		};
		1ED4C69A1C7DFBCB009417C9 /* Controller */ = {
			isa = PBXGroup;
			children = (
				1ED4C69B1C7DFBCB009417C9 /* SHNNewViewController.h */,
				1ED4C69C1C7DFBCB009417C9 /* SHNNewViewController.m */,
			);
			path = Controller;
			sourceTree = "<group>";
		};
		1ED4C69D1C7DFBCB009417C9 /* Model */ = {
			isa = PBXGroup;
			children = (
			);
			path = Model;
			sourceTree = "<group>";
		};
		1ED4C69E1C7DFBCB009417C9 /* View */ = {
			isa = PBXGroup;
			children = (
			);
			path = View;
			sourceTree = "<group>";
		};
		1ED4C69F1C7DFBCB009417C9 /* Other-其他 */ = {
			isa = PBXGroup;
			children = (
				1ED4C6A21C7DFBCB009417C9 /* Category */,
				1ED4C6A71C7DFBCB009417C9 /* Controller */,
				1ED4C6AC1C7DFBCB009417C9 /* View */,
				1ED4C6A01C7DFBCB009417C9 /* AppDelegate.h */,
				1ED4C6A11C7DFBCB009417C9 /* AppDelegate.m */,
				1ED4C6AA1C7DFBCB009417C9 /* main.m */,
				1ED4C6AB1C7DFBCB009417C9 /* PrefixHeader.pch */,
				1E4B72551C82FD1E0009C81F /* Foundation+Log.m */,
			);
			path = "Other-其他";
			sourceTree = "<group>";
		};
		1ED4C6A21C7DFBCB009417C9 /* Category */ = {
			isa = PBXGroup;
			children = (
				1ED4C6A31C7DFBCB009417C9 /* UIBarButtonItem+SHNExtension.h */,
				1ED4C6A41C7DFBCB009417C9 /* UIBarButtonItem+SHNExtension.m */,
				1ED4C6A51C7DFBCB009417C9 /* UIView+SHNExtension.h */,
				1ED4C6A61C7DFBCB009417C9 /* UIView+SHNExtension.m */,
			);
			path = Category;
			sourceTree = "<group>";
		};
		1ED4C6A71C7DFBCB009417C9 /* Controller */ = {
			isa = PBXGroup;
			children = (
				1ED4C6A81C7DFBCB009417C9 /* SHNTabViewController.h */,
				1ED4C6A91C7DFBCB009417C9 /* SHNTabViewController.m */,
				1EBE6AB81C7F2B2100E3FDB4 /* SHNNavigationController.h */,
				1EBE6AB91C7F2B2100E3FDB4 /* SHNNavigationController.m */,
			);
			path = Controller;
			sourceTree = "<group>";
		};
		1ED4C6AC1C7DFBCB009417C9 /* View */ = {
			isa = PBXGroup;
			children = (
				1ED4C6AD1C7DFBCB009417C9 /* SHNTabBar.h */,
				1ED4C6AE1C7DFBCB009417C9 /* SHNTabBar.m */,
			);
			path = View;
			sourceTree = "<group>";
		};
		1EEB51F01C7C8B2800953ECC = {
			isa = PBXGroup;
			children = (
				1EEB51FB1C7C8B2800953ECC /* 百思不得姐 */,
				1EEB52151C7C8B2800953ECC /* 百思不得姐Tests */,
				1EEB51FA1C7C8B2800953ECC /* Products */,
				2CFA9E4C14C83ACD202A9501 /* Pods */,
				20F0A628BEA303869D391565 /* Frameworks */,
			);
			sourceTree = "<group>";
		};
		1EEB51FA1C7C8B2800953ECC /* Products */ = {
			isa = PBXGroup;
			children = (
				1EEB51F91C7C8B2800953ECC /* 百思不得姐.app */,
				1EEB52121C7C8B2800953ECC /* 百思不得姐Tests.xctest */,
			);
			name = Products;
			sourceTree = "<group>";
		};
		1EEB51FB1C7C8B2800953ECC /* 百思不得姐 */ = {
			isa = PBXGroup;
			children = (
				1ED4C6881C7DFBCB009417C9 /* Classes */,
				1EEB51FC1C7C8B2800953ECC /* Supporting Files */,
			);
			path = "百思不得姐";
			sourceTree = "<group>";
		};
		1EEB51FC1C7C8B2800953ECC /* Supporting Files */ = {
			isa = PBXGroup;
			children = (
				1EEB52081C7C8B2800953ECC /* Assets.xcassets */,
				1EEB520D1C7C8B2800953ECC /* Info.plist */,
			);
			name = "Supporting Files";
			sourceTree = "<group>";
		};
		1EEB52151C7C8B2800953ECC /* 百思不得姐Tests */ = {
			isa = PBXGroup;
			children = (
				1EEB52161C7C8B2800953ECC /* _____Tests.m */,
				1EEB52181C7C8B2800953ECC /* Info.plist */,
			);
			path = "百思不得姐Tests";
			sourceTree = "<group>";
		};
		20F0A628BEA303869D391565 /* Frameworks */ = {
			isa = PBXGroup;
			children = (
				90340C6F97E1864E32D7EDAF /* libPods.a */,
			);
			name = Frameworks;
			sourceTree = "<group>";
		};
		2CFA9E4C14C83ACD202A9501 /* Pods */ = {
			isa = PBXGroup;
			children = (
				BB81CF451888B8702571A5D8 /* Pods.debug.xcconfig */,
				FBA596042DEC14038ED5C12F /* Pods.release.xcconfig */,
			);
			name = Pods;
			sourceTree = "<group>";
		};
/* End PBXGroup section */

/* Begin PBXNativeTarget section */
		1EEB51F81C7C8B2800953ECC /* 百思不得姐 */ = {
			isa = PBXNativeTarget;
			buildConfigurationList = 1EEB521B1C7C8B2800953ECC /* Build configuration list for PBXNativeTarget "百思不得姐" */;
			buildPhases = (
				A633BD826B8016AF1AE3E656 /* Check Pods Manifest.lock */,
				1EEB51F51C7C8B2800953ECC /* Sources */,
				1EEB51F61C7C8B2800953ECC /* Frameworks */,
				1EEB51F71C7C8B2800953ECC /* Resources */,
				9FA5289733258A0C2CCFA21C /* Copy Pods Resources */,
			);
			buildRules = (
			);
			dependencies = (
			);
			name = "百思不得姐";
			productName = "百思不得姐";
			productReference = 1EEB51F91C7C8B2800953ECC /* 百思不得姐.app */;
			productType = "com.apple.product-type.application";
		};
		1EEB52111C7C8B2800953ECC /* 百思不得姐Tests */ = {
			isa = PBXNativeTarget;
			buildConfigurationList = 1EEB521E1C7C8B2800953ECC /* Build configuration list for PBXNativeTarget "百思不得姐Tests" */;
			buildPhases = (
				1EEB520E1C7C8B2800953ECC /* Sources */,
				1EEB520F1C7C8B2800953ECC /* Frameworks */,
				1EEB52101C7C8B2800953ECC /* Resources */,
			);
			buildRules = (
			);
			dependencies = (
				1EEB52141C7C8B2800953ECC /* PBXTargetDependency */,
			);
			name = "百思不得姐Tests";
			productName = "百思不得姐Tests";
			productReference = 1EEB52121C7C8B2800953ECC /* 百思不得姐Tests.xctest */;
			productType = "com.apple.product-type.bundle.unit-test";
		};
/* End PBXNativeTarget section */

/* Begin PBXProject section */
		1EEB51F11C7C8B2800953ECC /* Project object */ = {
			isa = PBXProject;
			attributes = {
				CLASSPREFIX = SHN;
				LastUpgradeCheck = 0720;
				ORGANIZATIONNAME = suhaonan;
				TargetAttributes = {
					1EEB51F81C7C8B2800953ECC = {
						CreatedOnToolsVersion = 7.2;
					};
					1EEB52111C7C8B2800953ECC = {
						CreatedOnToolsVersion = 7.2;
						TestTargetID = 1EEB51F81C7C8B2800953ECC;
					};
				};
			};
			buildConfigurationList = 1EEB51F41C7C8B2800953ECC /* Build configuration list for PBXProject "百思不得姐" */;
			compatibilityVersion = "Xcode 3.2";
			developmentRegion = English;
			hasScannedForEncodings = 0;
			knownRegions = (
				en,
				Base,
			);
			mainGroup = 1EEB51F01C7C8B2800953ECC;
			productRefGroup = 1EEB51FA1C7C8B2800953ECC /* Products */;
			projectDirPath = "";
			projectRoot = "";
			targets = (
				1EEB51F81C7C8B2800953ECC /* 百思不得姐 */,
				1EEB52111C7C8B2800953ECC /* 百思不得姐Tests */,
			);
		};
/* End PBXProject section */

/* Begin PBXResourcesBuildPhase section */
		1EEB51F71C7C8B2800953ECC /* Resources */ = {
			isa = PBXResourcesBuildPhase;
			buildActionMask = 2147483647;
			files = (
				1E4B72541C82F23D0009C81F /* SHNRecomendCategoryCell.xib in Resources */,
				1EBE6ABC1C7F376300E3FDB4 /* SHNFriendTrendsViewController.xib in Resources */,
				1EAD82361C85C204008E5DCB /* SHNRecommendUserCell.xib in Resources */,
				1E4B724C1C82E1850009C81F /* SHNRecomendViewController.xib in Resources */,
				1EEB52091C7C8B2800953ECC /* Assets.xcassets in Resources */,
			);
			runOnlyForDeploymentPostprocessing = 0;
		};
		1EEB52101C7C8B2800953ECC /* Resources */ = {
			isa = PBXResourcesBuildPhase;
			buildActionMask = 2147483647;
			files = (
			);
			runOnlyForDeploymentPostprocessing = 0;
		};
/* End PBXResourcesBuildPhase section */

/* Begin PBXShellScriptBuildPhase section */
		9FA5289733258A0C2CCFA21C /* Copy Pods Resources */ = {
			isa = PBXShellScriptBuildPhase;
			buildActionMask = 2147483647;
			files = (
			);
			inputPaths = (
			);
			name = "Copy Pods Resources";
			outputPaths = (
			);
			runOnlyForDeploymentPostprocessing = 0;
			shellPath = /bin/sh;
			shellScript = "\"${SRCROOT}/Pods/Target Support Files/Pods/Pods-resources.sh\"\n";
			showEnvVarsInLog = 0;
		};
		A633BD826B8016AF1AE3E656 /* Check Pods Manifest.lock */ = {
			isa = PBXShellScriptBuildPhase;
			buildActionMask = 2147483647;
			files = (
			);
			inputPaths = (
			);
			name = "Check Pods Manifest.lock";
			outputPaths = (
			);
			runOnlyForDeploymentPostprocessing = 0;
			shellPath = /bin/sh;
			shellScript = "diff \"${PODS_ROOT}/../Podfile.lock\" \"${PODS_ROOT}/Manifest.lock\" > /dev/null\nif [[ $? != 0 ]] ; then\n    cat << EOM\nerror: The sandbox is not in sync with the Podfile.lock. Run 'pod install' or update your CocoaPods installation.\nEOM\n    exit 1\nfi\n";
			showEnvVarsInLog = 0;
		};
/* End PBXShellScriptBuildPhase section */

/* Begin PBXSourcesBuildPhase section */
		1EEB51F51C7C8B2800953ECC /* Sources */ = {
			isa = PBXSourcesBuildPhase;
			buildActionMask = 2147483647;
			files = (
				1ED4C6B71C7DFBCB009417C9 /* main.m in Sources */,
				1ED4C6B81C7DFBCB009417C9 /* SHNTabBar.m in Sources */,
				1EBE6ABA1C7F2B2100E3FDB4 /* SHNNavigationController.m in Sources */,
				1E4B724B1C82E1850009C81F /* SHNRecomendViewController.m in Sources */,
				1ED4C6B41C7DFBCB009417C9 /* UIBarButtonItem+SHNExtension.m in Sources */,
				1E4B724F1C82F1C30009C81F /* SHNRecomendCatogory.m in Sources */,
				1ED4C6B01C7DFBCB009417C9 /* SHNFriendTrendsViewController.m in Sources */,
				1ED4C6B51C7DFBCB009417C9 /* UIView+SHNExtension.m in Sources */,
				1ED4C6B31C7DFBCB009417C9 /* AppDelegate.m in Sources */,
				1ED4C6B11C7DFBCB009417C9 /* SHNMeViewController.m in Sources */,
				1ED4C6AF1C7DFBCB009417C9 /* SHNEssenceViewController.m in Sources */,
				1E4B72561C82FD1E0009C81F /* Foundation+Log.m in Sources */,
				1EAD82351C85C204008E5DCB /* SHNRecommendUserCell.m in Sources */,
				1ED4C6B61C7DFBCB009417C9 /* SHNTabViewController.m in Sources */,
				1E4B72521C82F1F20009C81F /* SHNRecomendCategoryCell.m in Sources */,
				1ED4C6B21C7DFBCB009417C9 /* SHNNewViewController.m in Sources */,
				1EAD82311C85C1D2008E5DCB /* SHNRecommendUser.m in Sources */,
			);
			runOnlyForDeploymentPostprocessing = 0;
		};
		1EEB520E1C7C8B2800953ECC /* Sources */ = {
			isa = PBXSourcesBuildPhase;
			buildActionMask = 2147483647;
			files = (
				1EEB52171C7C8B2800953ECC /* _____Tests.m in Sources */,
			);
			runOnlyForDeploymentPostprocessing = 0;
		};
/* End PBXSourcesBuildPhase section */

/* Begin PBXTargetDependency section */
		1EEB52141C7C8B2800953ECC /* PBXTargetDependency */ = {
			isa = PBXTargetDependency;
			target = 1EEB51F81C7C8B2800953ECC /* 百思不得姐 */;
			targetProxy = 1EEB52131C7C8B2800953ECC /* PBXContainerItemProxy */;
		};
/* End PBXTargetDependency section */

/* Begin XCBuildConfiguration section */
		1EEB52191C7C8B2800953ECC /* Debug */ = {
			isa = XCBuildConfiguration;
			buildSettings = {
				ALWAYS_SEARCH_USER_PATHS = NO;
				CLANG_CXX_LANGUAGE_STANDARD = "gnu++0x";
				CLANG_CXX_LIBRARY = "libc++";
				CLANG_ENABLE_MODULES = YES;
				CLANG_ENABLE_OBJC_ARC = YES;
				CLANG_WARN_BOOL_CONVERSION = YES;
				CLANG_WARN_CONSTANT_CONVERSION = YES;
				CLANG_WARN_DIRECT_OBJC_ISA_USAGE = YES_ERROR;
				CLANG_WARN_EMPTY_BODY = YES;
				CLANG_WARN_ENUM_CONVERSION = YES;
				CLANG_WARN_INT_CONVERSION = YES;
				CLANG_WARN_OBJC_ROOT_CLASS = YES_ERROR;
				CLANG_WARN_UNREACHABLE_CODE = YES;
				CLANG_WARN__DUPLICATE_METHOD_MATCH = YES;
				"CODE_SIGN_IDENTITY[sdk=iphoneos*]" = "iPhone Developer";
				COPY_PHASE_STRIP = NO;
				DEBUG_INFORMATION_FORMAT = dwarf;
				ENABLE_STRICT_OBJC_MSGSEND = YES;
				ENABLE_TESTABILITY = YES;
				GCC_C_LANGUAGE_STANDARD = gnu99;
				GCC_DYNAMIC_NO_PIC = NO;
				GCC_NO_COMMON_BLOCKS = YES;
				GCC_OPTIMIZATION_LEVEL = 0;
				GCC_PRECOMPILE_PREFIX_HEADER = YES;
				GCC_PREFIX_HEADER = "百思不得姐/PrefixHeader.pch";
				GCC_PREPROCESSOR_DEFINITIONS = (
					"DEBUG=1",
					"$(inherited)",
				);
				GCC_WARN_64_TO_32_BIT_CONVERSION = YES;
				GCC_WARN_ABOUT_RETURN_TYPE = YES_ERROR;
				GCC_WARN_UNDECLARED_SELECTOR = YES;
				GCC_WARN_UNINITIALIZED_AUTOS = YES_AGGRESSIVE;
				GCC_WARN_UNUSED_FUNCTION = YES;
				GCC_WARN_UNUSED_VARIABLE = YES;
				IPHONEOS_DEPLOYMENT_TARGET = 9.2;
				MTL_ENABLE_DEBUG_INFO = YES;
				ONLY_ACTIVE_ARCH = YES;
				SDKROOT = iphoneos;
			};
			name = Debug;
		};
		1EEB521A1C7C8B2800953ECC /* Release */ = {
			isa = XCBuildConfiguration;
			buildSettings = {
				ALWAYS_SEARCH_USER_PATHS = NO;
				CLANG_CXX_LANGUAGE_STANDARD = "gnu++0x";
				CLANG_CXX_LIBRARY = "libc++";
				CLANG_ENABLE_MODULES = YES;
				CLANG_ENABLE_OBJC_ARC = YES;
				CLANG_WARN_BOOL_CONVERSION = YES;
				CLANG_WARN_CONSTANT_CONVERSION = YES;
				CLANG_WARN_DIRECT_OBJC_ISA_USAGE = YES_ERROR;
				CLANG_WARN_EMPTY_BODY = YES;
				CLANG_WARN_ENUM_CONVERSION = YES;
				CLANG_WARN_INT_CONVERSION = YES;
				CLANG_WARN_OBJC_ROOT_CLASS = YES_ERROR;
				CLANG_WARN_UNREACHABLE_CODE = YES;
				CLANG_WARN__DUPLICATE_METHOD_MATCH = YES;
				"CODE_SIGN_IDENTITY[sdk=iphoneos*]" = "iPhone Developer";
				COPY_PHASE_STRIP = NO;
				DEBUG_INFORMATION_FORMAT = "dwarf-with-dsym";
				ENABLE_NS_ASSERTIONS = NO;
				ENABLE_STRICT_OBJC_MSGSEND = YES;
				GCC_C_LANGUAGE_STANDARD = gnu99;
				GCC_NO_COMMON_BLOCKS = YES;
				GCC_PRECOMPILE_PREFIX_HEADER = YES;
				GCC_PREFIX_HEADER = "百思不得姐/PrefixHeader.pch";
				GCC_WARN_64_TO_32_BIT_CONVERSION = YES;
				GCC_WARN_ABOUT_RETURN_TYPE = YES_ERROR;
				GCC_WARN_UNDECLARED_SELECTOR = YES;
				GCC_WARN_UNINITIALIZED_AUTOS = YES_AGGRESSIVE;
				GCC_WARN_UNUSED_FUNCTION = YES;
				GCC_WARN_UNUSED_VARIABLE = YES;
				IPHONEOS_DEPLOYMENT_TARGET = 9.2;
				MTL_ENABLE_DEBUG_INFO = NO;
				SDKROOT = iphoneos;
				VALIDATE_PRODUCT = YES;
			};
			name = Release;
		};
		1EEB521C1C7C8B2800953ECC /* Debug */ = {
			isa = XCBuildConfiguration;
			baseConfigurationReference = BB81CF451888B8702571A5D8 /* Pods.debug.xcconfig */;
			buildSettings = {
				ASSETCATALOG_COMPILER_APPICON_NAME = AppIcon;
				ASSETCATALOG_COMPILER_LAUNCHIMAGE_NAME = LaunchImage;
				GCC_PRECOMPILE_PREFIX_HEADER = YES;
				GCC_PREFIX_HEADER = "百思不得姐/Classes/Other-其他/PrefixHeader.pch";
				INFOPLIST_FILE = "百思不得姐/Info.plist";
				LD_RUNPATH_SEARCH_PATHS = "$(inherited) @executable_path/Frameworks";
				PRODUCT_BUNDLE_IDENTIFIER = "suhaonan.-----";
				PRODUCT_NAME = "$(TARGET_NAME)";
				TARGETED_DEVICE_FAMILY = 1;
			};
			name = Debug;
		};
		1EEB521D1C7C8B2800953ECC /* Release */ = {
			isa = XCBuildConfiguration;
			baseConfigurationReference = FBA596042DEC14038ED5C12F /* Pods.release.xcconfig */;
			buildSettings = {
				ASSETCATALOG_COMPILER_APPICON_NAME = AppIcon;
				ASSETCATALOG_COMPILER_LAUNCHIMAGE_NAME = LaunchImage;
				GCC_PRECOMPILE_PREFIX_HEADER = YES;
				GCC_PREFIX_HEADER = "百思不得姐/Classes/Other-其他/PrefixHeader.pch";
				INFOPLIST_FILE = "百思不得姐/Info.plist";
				LD_RUNPATH_SEARCH_PATHS = "$(inherited) @executable_path/Frameworks";
				PRODUCT_BUNDLE_IDENTIFIER = "suhaonan.-----";
				PRODUCT_NAME = "$(TARGET_NAME)";
				TARGETED_DEVICE_FAMILY = 1;
			};
			name = Release;
		};
		1EEB521F1C7C8B2800953ECC /* Debug */ = {
			isa = XCBuildConfiguration;
			buildSettings = {
				BUNDLE_LOADER = "$(TEST_HOST)";
				INFOPLIST_FILE = "百思不得姐Tests/Info.plist";
				LD_RUNPATH_SEARCH_PATHS = "$(inherited) @executable_path/Frameworks @loader_path/Frameworks";
				PRODUCT_BUNDLE_IDENTIFIER = "suhaonan.-----Tests";
				PRODUCT_NAME = "$(TARGET_NAME)";
				TEST_HOST = "$(BUILT_PRODUCTS_DIR)/百思不得姐.app/百思不得姐";
			};
			name = Debug;
		};
		1EEB52201C7C8B2800953ECC /* Release */ = {
			isa = XCBuildConfiguration;
			buildSettings = {
				BUNDLE_LOADER = "$(TEST_HOST)";
				INFOPLIST_FILE = "百思不得姐Tests/Info.plist";
				LD_RUNPATH_SEARCH_PATHS = "$(inherited) @executable_path/Frameworks @loader_path/Frameworks";
				PRODUCT_BUNDLE_IDENTIFIER = "suhaonan.-----Tests";
				PRODUCT_NAME = "$(TARGET_NAME)";
				TEST_HOST = "$(BUILT_PRODUCTS_DIR)/百思不得姐.app/百思不得姐";
			};
			name = Release;
		};
/* End XCBuildConfiguration section */

/* Begin XCConfigurationList section */
		1EEB51F41C7C8B2800953ECC /* Build configuration list for PBXProject "百思不得姐" */ = {
			isa = XCConfigurationList;
			buildConfigurations = (
				1EEB52191C7C8B2800953ECC /* Debug */,
				1EEB521A1C7C8B2800953ECC /* Release */,
			);
			defaultConfigurationIsVisible = 0;
			defaultConfigurationName = Release;
		};
		1EEB521B1C7C8B2800953ECC /* Build configuration list for PBXNativeTarget "百思不得姐" */ = {
			isa = XCConfigurationList;
			buildConfigurations = (
				1EEB521C1C7C8B2800953ECC /* Debug */,
				1EEB521D1C7C8B2800953ECC /* Release */,
			);
			defaultConfigurationIsVisible = 0;
			defaultConfigurationName = Release;
		};
		1EEB521E1C7C8B2800953ECC /* Build configuration list for PBXNativeTarget "百思不得姐Tests" */ = {
			isa = XCConfigurationList;
			buildConfigurations = (
				1EEB521F1C7C8B2800953ECC /* Debug */,
				1EEB52201C7C8B2800953ECC /* Release */,
			);
			defaultConfigurationIsVisible = 0;
			defaultConfigurationName = Release;
		};
/* End XCConfigurationList section */
	};
	rootObject = 1EEB51F11C7C8B2800953ECC /* Project object */;
}
