// !$*UTF8*$!
{
	archiveVersion = 1;
	classes = {
	};
	objectVersion = 46;
	objects = {

/* Begin PBXBuildFile section */
		02176CC71A5871480CBF59B0 /* libPods.a in Frameworks */ = {isa = PBXBuildFile; fileRef = 90340C6F97E1864E32D7EDAF /* libPods.a */; };
		1E21396D1C8A701E00D94018 /* SHNPushGuideView.m in Sources */ = {isa = PBXBuildFile; fileRef = 1E21396C1C8A701E00D94018 /* SHNPushGuideView.m */; };
		1E21396F1C8A703000D94018 /* SHNPushGuideView.xib in Resources */ = {isa = PBXBuildFile; fileRef = 1E21396E1C8A703000D94018 /* SHNPushGuideView.xib */; };
		1E2139721C8AE57200D94018 /* SHNAllViewController.m in Sources */ = {isa = PBXBuildFile; fileRef = 1E2139711C8AE57100D94018 /* SHNAllViewController.m */; };
		1E2139751C8AE5B300D94018 /* SHNVideoViewController.m in Sources */ = {isa = PBXBuildFile; fileRef = 1E2139741C8AE5B300D94018 /* SHNVideoViewController.m */; };
		1E2139781C8AE5D600D94018 /* SHNVoiceViewController.m in Sources */ = {isa = PBXBuildFile; fileRef = 1E2139771C8AE5D600D94018 /* SHNVoiceViewController.m */; };
		1E21397B1C8AE5F700D94018 /* SHNPictureViewController.m in Sources */ = {isa = PBXBuildFile; fileRef = 1E21397A1C8AE5F700D94018 /* SHNPictureViewController.m */; };
		1E21397E1C8AE61200D94018 /* SHNWordViewController.m in Sources */ = {isa = PBXBuildFile; fileRef = 1E21397D1C8AE61200D94018 /* SHNWordViewController.m */; };
		1E2139811C8BAFF100D94018 /* SHNTopic.m in Sources */ = {isa = PBXBuildFile; fileRef = 1E2139801C8BAFF100D94018 /* SHNTopic.m */; };
		1E2139841C8BBFC900D94018 /* SHNConst.m in Sources */ = {isa = PBXBuildFile; fileRef = 1E2139831C8BBFC900D94018 /* SHNConst.m */; };
		1E2139881C8BC22A00D94018 /* SHNTopicCell.m in Sources */ = {isa = PBXBuildFile; fileRef = 1E2139861C8BC22A00D94018 /* SHNTopicCell.m */; };
		1E2139891C8BC22A00D94018 /* SHNTopicCell.xib in Resources */ = {isa = PBXBuildFile; fileRef = 1E2139871C8BC22A00D94018 /* SHNTopicCell.xib */; };
		1E21398C1C8C3ECF00D94018 /* NSDate+Extension.m in Sources */ = {isa = PBXBuildFile; fileRef = 1E21398B1C8C3ECF00D94018 /* NSDate+Extension.m */; };
		1E39DD1F1C87229E00E4F9E3 /* SHNRecommendTagCell.m in Sources */ = {isa = PBXBuildFile; fileRef = 1E39DD1D1C87229E00E4F9E3 /* SHNRecommendTagCell.m */; };
		1E39DD201C87229E00E4F9E3 /* SHNRecommendTagCell.xib in Resources */ = {isa = PBXBuildFile; fileRef = 1E39DD1E1C87229E00E4F9E3 /* SHNRecommendTagCell.xib */; };
		1E4B724B1C82E1850009C81F /* SHNRecomendViewController.m in Sources */ = {isa = PBXBuildFile; fileRef = 1E4B72491C82E1850009C81F /* SHNRecomendViewController.m */; };
		1E4B724C1C82E1850009C81F /* SHNRecomendViewController.xib in Resources */ = {isa = PBXBuildFile; fileRef = 1E4B724A1C82E1850009C81F /* SHNRecomendViewController.xib */; };
		1E4B724F1C82F1C30009C81F /* SHNRecomendCatogory.m in Sources */ = {isa = PBXBuildFile; fileRef = 1E4B724E1C82F1C30009C81F /* SHNRecomendCatogory.m */; };
		1E4B72521C82F1F20009C81F /* SHNRecomendCategoryCell.m in Sources */ = {isa = PBXBuildFile; fileRef = 1E4B72511C82F1F20009C81F /* SHNRecomendCategoryCell.m */; };
		1E4B72541C82F23D0009C81F /* SHNRecomendCategoryCell.xib in Resources */ = {isa = PBXBuildFile; fileRef = 1E4B72531C82F23D0009C81F /* SHNRecomendCategoryCell.xib */; };
		1E4B72561C82FD1E0009C81F /* Foundation+Log.m in Sources */ = {isa = PBXBuildFile; fileRef = 1E4B72551C82FD1E0009C81F /* Foundation+Log.m */; };
		1E5B824F1CA7729F00F196DB /* SHNComment.m in Sources */ = {isa = PBXBuildFile; fileRef = 1E5B824E1CA7729F00F196DB /* SHNComment.m */; };
		1E5B82521CA772B500F196DB /* SHNUser.m in Sources */ = {isa = PBXBuildFile; fileRef = 1E5B82511CA772B500F196DB /* SHNUser.m */; };
		1E5B82551CA773B000F196DB /* SHNTopicVideoView.m in Sources */ = {isa = PBXBuildFile; fileRef = 1E5B82541CA773B000F196DB /* SHNTopicVideoView.m */; };
		1E5B82571CA773C000F196DB /* SHNTopicVideoView.xib in Resources */ = {isa = PBXBuildFile; fileRef = 1E5B82561CA773C000F196DB /* SHNTopicVideoView.xib */; };
		1E5B825B1CA79CAA00F196DB /* SHNCommentViewController.m in Sources */ = {isa = PBXBuildFile; fileRef = 1E5B82591CA79CAA00F196DB /* SHNCommentViewController.m */; };
		1E5B825C1CA79CAA00F196DB /* SHNCommentViewController.xib in Resources */ = {isa = PBXBuildFile; fileRef = 1E5B825A1CA79CAA00F196DB /* SHNCommentViewController.xib */; };
		1E5B825F1CA80A3100F196DB /* SHNCommentHeaderView.m in Sources */ = {isa = PBXBuildFile; fileRef = 1E5B825E1CA80A3100F196DB /* SHNCommentHeaderView.m */; };
		1E5B828D1CA9563500F196DB /* SHNCommentCell.m in Sources */ = {isa = PBXBuildFile; fileRef = 1E5B828C1CA9563500F196DB /* SHNCommentCell.m */; };
		1E5B828F1CA9564500F196DB /* SHNCommentCell.xib in Resources */ = {isa = PBXBuildFile; fileRef = 1E5B828E1CA9564500F196DB /* SHNCommentCell.xib */; };
		1E5B82921CA96E0A00F196DB /* SHNWindow.m in Sources */ = {isa = PBXBuildFile; fileRef = 1E5B82911CA96E0A00F196DB /* SHNWindow.m */; };
		1E8E6C511C90491D00AC6D79 /* SHNShowPictureViewController.m in Sources */ = {isa = PBXBuildFile; fileRef = 1E8E6C4F1C90491D00AC6D79 /* SHNShowPictureViewController.m */; };
		1E8E6C521C90491D00AC6D79 /* SHNShowPictureViewController.xib in Resources */ = {isa = PBXBuildFile; fileRef = 1E8E6C501C90491D00AC6D79 /* SHNShowPictureViewController.xib */; };
		1E9AF5BA1C8F0E960035365C /* SHNTopicPictureView.m in Sources */ = {isa = PBXBuildFile; fileRef = 1E9AF5B91C8F0E960035365C /* SHNTopicPictureView.m */; };
		1E9AF5BC1C8F0EA40035365C /* SHNTopicPictureView.xib in Resources */ = {isa = PBXBuildFile; fileRef = 1E9AF5BB1C8F0EA40035365C /* SHNTopicPictureView.xib */; };
		1E9AF5BF1C8F120A0035365C /* SHNProgressView.m in Sources */ = {isa = PBXBuildFile; fileRef = 1E9AF5BE1C8F120A0035365C /* SHNProgressView.m */; };
		1EAD82311C85C1D2008E5DCB /* SHNRecommendUser.m in Sources */ = {isa = PBXBuildFile; fileRef = 1EAD82301C85C1D2008E5DCB /* SHNRecommendUser.m */; };
		1EAD82351C85C204008E5DCB /* SHNRecommendUserCell.m in Sources */ = {isa = PBXBuildFile; fileRef = 1EAD82331C85C204008E5DCB /* SHNRecommendUserCell.m */; };
		1EAD82361C85C204008E5DCB /* SHNRecommendUserCell.xib in Resources */ = {isa = PBXBuildFile; fileRef = 1EAD82341C85C204008E5DCB /* SHNRecommendUserCell.xib */; };
		1EAD82391C85CECD008E5DCB /* SHNRecomendTagsController.m in Sources */ = {isa = PBXBuildFile; fileRef = 1EAD82381C85CECD008E5DCB /* SHNRecomendTagsController.m */; };
		1EAD823E1C85CFE7008E5DCB /* SHNRecommendTag.m in Sources */ = {isa = PBXBuildFile; fileRef = 1EAD823D1C85CFE7008E5DCB /* SHNRecommendTag.m */; };
		1EB1B6541C919FE400B9520B /* SHNPublishView.m in Sources */ = {isa = PBXBuildFile; fileRef = 1EB1B6531C919FE400B9520B /* SHNPublishView.m */; };
		1EB1B6561C91A0F800B9520B /* SHNPublishView.xib in Resources */ = {isa = PBXBuildFile; fileRef = 1EB1B6551C91A0F800B9520B /* SHNPublishView.xib */; };
		1EB28DDF1C9835870056B0E1 /* SHNTopicVoiceView.m in Sources */ = {isa = PBXBuildFile; fileRef = 1EB28DDE1C9835870056B0E1 /* SHNTopicVoiceView.m */; };
		1EB28DE11C98359B0056B0E1 /* SHNTopicVoiceView.xib in Resources */ = {isa = PBXBuildFile; fileRef = 1EB28DE01C98359B0056B0E1 /* SHNTopicVoiceView.xib */; };
		1EBE61D61C8EC21A00B9F547 /* SHNTopicViewController.m in Sources */ = {isa = PBXBuildFile; fileRef = 1EBE61D51C8EC21A00B9F547 /* SHNTopicViewController.m */; };
		1EBE6ABA1C7F2B2100E3FDB4 /* SHNNavigationController.m in Sources */ = {isa = PBXBuildFile; fileRef = 1EBE6AB91C7F2B2100E3FDB4 /* SHNNavigationController.m */; };
		1EBE6ABC1C7F376300E3FDB4 /* SHNFriendTrendsViewController.xib in Resources */ = {isa = PBXBuildFile; fileRef = 1EBE6ABB1C7F376300E3FDB4 /* SHNFriendTrendsViewController.xib */; };
		1EBEBF791C88760600778692 /* SHNLoginRegisterViewController.m in Sources */ = {isa = PBXBuildFile; fileRef = 1EBEBF771C88760600778692 /* SHNLoginRegisterViewController.m */; };
		1EBEBF7A1C88760600778692 /* SHNLoginRegisterViewController.xib in Resources */ = {isa = PBXBuildFile; fileRef = 1EBEBF781C88760600778692 /* SHNLoginRegisterViewController.xib */; };
		1EBEBF7D1C8876B800778692 /* SHNVerticalButton.m in Sources */ = {isa = PBXBuildFile; fileRef = 1EBEBF7C1C8876B800778692 /* SHNVerticalButton.m */; };
		1EBEBF831C887DF200778692 /* SHNTextField.m in Sources */ = {isa = PBXBuildFile; fileRef = 1EBEBF821C887DF200778692 /* SHNTextField.m */; };
		1ED4C6AF1C7DFBCB009417C9 /* SHNEssenceViewController.m in Sources */ = {isa = PBXBuildFile; fileRef = 1ED4C68C1C7DFBCB009417C9 /* SHNEssenceViewController.m */; };
		1ED4C6B01C7DFBCB009417C9 /* SHNFriendTrendsViewController.m in Sources */ = {isa = PBXBuildFile; fileRef = 1ED4C6901C7DFBCB009417C9 /* SHNFriendTrendsViewController.m */; };
		1ED4C6B11C7DFBCB009417C9 /* SHNMeViewController.m in Sources */ = {isa = PBXBuildFile; fileRef = 1ED4C6961C7DFBCB009417C9 /* SHNMeViewController.m */; };
		1ED4C6B21C7DFBCB009417C9 /* SHNNewViewController.m in Sources */ = {isa = PBXBuildFile; fileRef = 1ED4C69C1C7DFBCB009417C9 /* SHNNewViewController.m */; };
		1ED4C6B31C7DFBCB009417C9 /* AppDelegate.m in Sources */ = {isa = PBXBuildFile; fileRef = 1ED4C6A11C7DFBCB009417C9 /* AppDelegate.m */; };
		1ED4C6B41C7DFBCB009417C9 /* UIBarButtonItem+SHNExtension.m in Sources */ = {isa = PBXBuildFile; fileRef = 1ED4C6A41C7DFBCB009417C9 /* UIBarButtonItem+SHNExtension.m */; };
		1ED4C6B51C7DFBCB009417C9 /* UIView+SHNExtension.m in Sources */ = {isa = PBXBuildFile; fileRef = 1ED4C6A61C7DFBCB009417C9 /* UIView+SHNExtension.m */; };
		1ED4C6B61C7DFBCB009417C9 /* SHNTabViewController.m in Sources */ = {isa = PBXBuildFile; fileRef = 1ED4C6A91C7DFBCB009417C9 /* SHNTabViewController.m */; };
		1ED4C6B71C7DFBCB009417C9 /* main.m in Sources */ = {isa = PBXBuildFile; fileRef = 1ED4C6AA1C7DFBCB009417C9 /* main.m */; };
		1ED4C6B81C7DFBCB009417C9 /* SHNTabBar.m in Sources */ = {isa = PBXBuildFile; fileRef = 1ED4C6AE1C7DFBCB009417C9 /* SHNTabBar.m */; };
		1EE2DA981CABA1180012CA9D /* UIImage+SHNExtension.m in Sources */ = {isa = PBXBuildFile; fileRef = 1EE2DA971CABA1180012CA9D /* UIImage+SHNExtension.m */; };
		1EE2DA9B1CABA68E0012CA9D /* UIImageView+SHNExtension.m in Sources */ = {isa = PBXBuildFile; fileRef = 1EE2DA9A1CABA68E0012CA9D /* UIImageView+SHNExtension.m */; };
		1EE2DAAC1CABCAA20012CA9D /* SHNMeViewCell.m in Sources */ = {isa = PBXBuildFile; fileRef = 1EE2DAAB1CABCAA20012CA9D /* SHNMeViewCell.m */; };
		1EE2DAAF1CABCB1C0012CA9D /* SHNMeFooterView.m in Sources */ = {isa = PBXBuildFile; fileRef = 1EE2DAAE1CABCB1C0012CA9D /* SHNMeFooterView.m */; };
		1EE2DAB21CABCB4A0012CA9D /* SHNSquare.m in Sources */ = {isa = PBXBuildFile; fileRef = 1EE2DAB11CABCB4A0012CA9D /* SHNSquare.m */; };
		1EE2DAB81CABCBA40012CA9D /* SHNSqaureButton.m in Sources */ = {isa = PBXBuildFile; fileRef = 1EE2DAB71CABCBA40012CA9D /* SHNSqaureButton.m */; };
		1EE2DABB1CABD2E70012CA9D /* SHNWebViewController.m in Sources */ = {isa = PBXBuildFile; fileRef = 1EE2DABA1CABD2E70012CA9D /* SHNWebViewController.m */; };
		1EE2DABD1CABD4230012CA9D /* SHNWebViewController.xib in Resources */ = {isa = PBXBuildFile; fileRef = 1EE2DABC1CABD4230012CA9D /* SHNWebViewController.xib */; };
		1EE2DAC31CABF5E40012CA9D /* XMGPublishViewController.m in Sources */ = {isa = PBXBuildFile; fileRef = 1EE2DAC11CABF5E40012CA9D /* XMGPublishViewController.m */; };
		1EE2DAC41CABF5E40012CA9D /* XMGPublishViewController.xib in Resources */ = {isa = PBXBuildFile; fileRef = 1EE2DAC21CABF5E40012CA9D /* XMGPublishViewController.xib */; };
		1EE2DAC71CABF7290012CA9D /* SHNPostViewController.m in Sources */ = {isa = PBXBuildFile; fileRef = 1EE2DAC61CABF7290012CA9D /* SHNPostViewController.m */; };
		1EE2DACB1CABFE090012CA9D /* SHNPlaceHolderTextView.m in Sources */ = {isa = PBXBuildFile; fileRef = 1EE2DACA1CABFE090012CA9D /* SHNPlaceHolderTextView.m */; };
		1EEB52091C7C8B2800953ECC /* Assets.xcassets in Resources */ = {isa = PBXBuildFile; fileRef = 1EEB52081C7C8B2800953ECC /* Assets.xcassets */; };
		1EEB52171C7C8B2800953ECC /* _____Tests.m in Sources */ = {isa = PBXBuildFile; fileRef = 1EEB52161C7C8B2800953ECC /* _____Tests.m */; };
/* End PBXBuildFile section */

/* Begin PBXContainerItemProxy section */
		1EEB52131C7C8B2800953ECC /* PBXContainerItemProxy */ = {
			isa = PBXContainerItemProxy;
			containerPortal = 1EEB51F11C7C8B2800953ECC /* Project object */;
			proxyType = 1;
			remoteGlobalIDString = 1EEB51F81C7C8B2800953ECC;
			remoteInfo = "百思不得姐";
		};
/* End PBXContainerItemProxy section */

/* Begin PBXFileReference section */
		1E21396B1C8A701E00D94018 /* SHNPushGuideView.h */ = {isa = PBXFileReference; fileEncoding = 4; lastKnownFileType = sourcecode.c.h; path = SHNPushGuideView.h; sourceTree = "<group>"; };
		1E21396C1C8A701E00D94018 /* SHNPushGuideView.m */ = {isa = PBXFileReference; fileEncoding = 4; lastKnownFileType = sourcecode.c.objc; path = SHNPushGuideView.m; sourceTree = "<group>"; };
		1E21396E1C8A703000D94018 /* SHNPushGuideView.xib */ = {isa = PBXFileReference; fileEncoding = 4; lastKnownFileType = file.xib; path = SHNPushGuideView.xib; sourceTree = "<group>"; };
		1E2139701C8AE57100D94018 /* SHNAllViewController.h */ = {isa = PBXFileReference; fileEncoding = 4; lastKnownFileType = sourcecode.c.h; path = SHNAllViewController.h; sourceTree = "<group>"; };
		1E2139711C8AE57100D94018 /* SHNAllViewController.m */ = {isa = PBXFileReference; fileEncoding = 4; lastKnownFileType = sourcecode.c.objc; path = SHNAllViewController.m; sourceTree = "<group>"; };
		1E2139731C8AE5B300D94018 /* SHNVideoViewController.h */ = {isa = PBXFileReference; fileEncoding = 4; lastKnownFileType = sourcecode.c.h; path = SHNVideoViewController.h; sourceTree = "<group>"; };
		1E2139741C8AE5B300D94018 /* SHNVideoViewController.m */ = {isa = PBXFileReference; fileEncoding = 4; lastKnownFileType = sourcecode.c.objc; path = SHNVideoViewController.m; sourceTree = "<group>"; };
		1E2139761C8AE5D600D94018 /* SHNVoiceViewController.h */ = {isa = PBXFileReference; fileEncoding = 4; lastKnownFileType = sourcecode.c.h; path = SHNVoiceViewController.h; sourceTree = "<group>"; };
		1E2139771C8AE5D600D94018 /* SHNVoiceViewController.m */ = {isa = PBXFileReference; fileEncoding = 4; lastKnownFileType = sourcecode.c.objc; path = SHNVoiceViewController.m; sourceTree = "<group>"; };
		1E2139791C8AE5F700D94018 /* SHNPictureViewController.h */ = {isa = PBXFileReference; fileEncoding = 4; lastKnownFileType = sourcecode.c.h; path = SHNPictureViewController.h; sourceTree = "<group>"; };
		1E21397A1C8AE5F700D94018 /* SHNPictureViewController.m */ = {isa = PBXFileReference; fileEncoding = 4; lastKnownFileType = sourcecode.c.objc; path = SHNPictureViewController.m; sourceTree = "<group>"; };
		1E21397C1C8AE61200D94018 /* SHNWordViewController.h */ = {isa = PBXFileReference; fileEncoding = 4; lastKnownFileType = sourcecode.c.h; path = SHNWordViewController.h; sourceTree = "<group>"; };
		1E21397D1C8AE61200D94018 /* SHNWordViewController.m */ = {isa = PBXFileReference; fileEncoding = 4; lastKnownFileType = sourcecode.c.objc; path = SHNWordViewController.m; sourceTree = "<group>"; };
		1E21397F1C8BAFF100D94018 /* SHNTopic.h */ = {isa = PBXFileReference; fileEncoding = 4; lastKnownFileType = sourcecode.c.h; path = SHNTopic.h; sourceTree = "<group>"; };
		1E2139801C8BAFF100D94018 /* SHNTopic.m */ = {isa = PBXFileReference; fileEncoding = 4; lastKnownFileType = sourcecode.c.objc; path = SHNTopic.m; sourceTree = "<group>"; };
		1E2139821C8BBFA600D94018 /* SHNConst.h */ = {isa = PBXFileReference; lastKnownFileType = sourcecode.c.h; path = SHNConst.h; sourceTree = "<group>"; };
		1E2139831C8BBFC900D94018 /* SHNConst.m */ = {isa = PBXFileReference; fileEncoding = 4; lastKnownFileType = sourcecode.c.objc; path = SHNConst.m; sourceTree = "<group>"; };
		1E2139851C8BC22A00D94018 /* SHNTopicCell.h */ = {isa = PBXFileReference; fileEncoding = 4; lastKnownFileType = sourcecode.c.h; path = SHNTopicCell.h; sourceTree = "<group>"; };
		1E2139861C8BC22A00D94018 /* SHNTopicCell.m */ = {isa = PBXFileReference; fileEncoding = 4; lastKnownFileType = sourcecode.c.objc; path = SHNTopicCell.m; sourceTree = "<group>"; };
		1E2139871C8BC22A00D94018 /* SHNTopicCell.xib */ = {isa = PBXFileReference; fileEncoding = 4; lastKnownFileType = file.xib; path = SHNTopicCell.xib; sourceTree = "<group>"; };
		1E21398A1C8C3ECF00D94018 /* NSDate+Extension.h */ = {isa = PBXFileReference; fileEncoding = 4; lastKnownFileType = sourcecode.c.h; path = "NSDate+Extension.h"; sourceTree = "<group>"; };
		1E21398B1C8C3ECF00D94018 /* NSDate+Extension.m */ = {isa = PBXFileReference; fileEncoding = 4; lastKnownFileType = sourcecode.c.objc; path = "NSDate+Extension.m"; sourceTree = "<group>"; };
		1E39DD1C1C87229E00E4F9E3 /* SHNRecommendTagCell.h */ = {isa = PBXFileReference; fileEncoding = 4; lastKnownFileType = sourcecode.c.h; path = SHNRecommendTagCell.h; sourceTree = "<group>"; };
		1E39DD1D1C87229E00E4F9E3 /* SHNRecommendTagCell.m */ = {isa = PBXFileReference; fileEncoding = 4; lastKnownFileType = sourcecode.c.objc; path = SHNRecommendTagCell.m; sourceTree = "<group>"; };
		1E39DD1E1C87229E00E4F9E3 /* SHNRecommendTagCell.xib */ = {isa = PBXFileReference; fileEncoding = 4; lastKnownFileType = file.xib; path = SHNRecommendTagCell.xib; sourceTree = "<group>"; };
		1E4B72481C82E1850009C81F /* SHNRecomendViewController.h */ = {isa = PBXFileReference; fileEncoding = 4; lastKnownFileType = sourcecode.c.h; path = SHNRecomendViewController.h; sourceTree = "<group>"; };
		1E4B72491C82E1850009C81F /* SHNRecomendViewController.m */ = {isa = PBXFileReference; fileEncoding = 4; lastKnownFileType = sourcecode.c.objc; path = SHNRecomendViewController.m; sourceTree = "<group>"; };
		1E4B724A1C82E1850009C81F /* SHNRecomendViewController.xib */ = {isa = PBXFileReference; fileEncoding = 4; lastKnownFileType = file.xib; path = SHNRecomendViewController.xib; sourceTree = "<group>"; };
		1E4B724D1C82F1C30009C81F /* SHNRecomendCatogory.h */ = {isa = PBXFileReference; fileEncoding = 4; lastKnownFileType = sourcecode.c.h; path = SHNRecomendCatogory.h; sourceTree = "<group>"; };
		1E4B724E1C82F1C30009C81F /* SHNRecomendCatogory.m */ = {isa = PBXFileReference; fileEncoding = 4; lastKnownFileType = sourcecode.c.objc; path = SHNRecomendCatogory.m; sourceTree = "<group>"; };
		1E4B72501C82F1F20009C81F /* SHNRecomendCategoryCell.h */ = {isa = PBXFileReference; fileEncoding = 4; lastKnownFileType = sourcecode.c.h; path = SHNRecomendCategoryCell.h; sourceTree = "<group>"; };
		1E4B72511C82F1F20009C81F /* SHNRecomendCategoryCell.m */ = {isa = PBXFileReference; fileEncoding = 4; lastKnownFileType = sourcecode.c.objc; path = SHNRecomendCategoryCell.m; sourceTree = "<group>"; };
		1E4B72531C82F23D0009C81F /* SHNRecomendCategoryCell.xib */ = {isa = PBXFileReference; fileEncoding = 4; lastKnownFileType = file.xib; path = SHNRecomendCategoryCell.xib; sourceTree = "<group>"; };
		1E4B72551C82FD1E0009C81F /* Foundation+Log.m */ = {isa = PBXFileReference; fileEncoding = 4; lastKnownFileType = sourcecode.c.objc; path = "Foundation+Log.m"; sourceTree = "<group>"; };
		1E5B824D1CA7729F00F196DB /* SHNComment.h */ = {isa = PBXFileReference; fileEncoding = 4; lastKnownFileType = sourcecode.c.h; path = SHNComment.h; sourceTree = "<group>"; };
		1E5B824E1CA7729F00F196DB /* SHNComment.m */ = {isa = PBXFileReference; fileEncoding = 4; lastKnownFileType = sourcecode.c.objc; path = SHNComment.m; sourceTree = "<group>"; };
		1E5B82501CA772B500F196DB /* SHNUser.h */ = {isa = PBXFileReference; fileEncoding = 4; lastKnownFileType = sourcecode.c.h; path = SHNUser.h; sourceTree = "<group>"; };
		1E5B82511CA772B500F196DB /* SHNUser.m */ = {isa = PBXFileReference; fileEncoding = 4; lastKnownFileType = sourcecode.c.objc; path = SHNUser.m; sourceTree = "<group>"; };
		1E5B82531CA773B000F196DB /* SHNTopicVideoView.h */ = {isa = PBXFileReference; fileEncoding = 4; lastKnownFileType = sourcecode.c.h; path = SHNTopicVideoView.h; sourceTree = "<group>"; };
		1E5B82541CA773B000F196DB /* SHNTopicVideoView.m */ = {isa = PBXFileReference; fileEncoding = 4; lastKnownFileType = sourcecode.c.objc; path = SHNTopicVideoView.m; sourceTree = "<group>"; };
		1E5B82561CA773C000F196DB /* SHNTopicVideoView.xib */ = {isa = PBXFileReference; fileEncoding = 4; lastKnownFileType = file.xib; path = SHNTopicVideoView.xib; sourceTree = "<group>"; };
		1E5B82581CA79CAA00F196DB /* SHNCommentViewController.h */ = {isa = PBXFileReference; fileEncoding = 4; lastKnownFileType = sourcecode.c.h; path = SHNCommentViewController.h; sourceTree = "<group>"; };
		1E5B82591CA79CAA00F196DB /* SHNCommentViewController.m */ = {isa = PBXFileReference; fileEncoding = 4; lastKnownFileType = sourcecode.c.objc; path = SHNCommentViewController.m; sourceTree = "<group>"; };
		1E5B825A1CA79CAA00F196DB /* SHNCommentViewController.xib */ = {isa = PBXFileReference; fileEncoding = 4; lastKnownFileType = file.xib; path = SHNCommentViewController.xib; sourceTree = "<group>"; };
		1E5B825D1CA80A3100F196DB /* SHNCommentHeaderView.h */ = {isa = PBXFileReference; fileEncoding = 4; lastKnownFileType = sourcecode.c.h; path = SHNCommentHeaderView.h; sourceTree = "<group>"; };
		1E5B825E1CA80A3100F196DB /* SHNCommentHeaderView.m */ = {isa = PBXFileReference; fileEncoding = 4; lastKnownFileType = sourcecode.c.objc; path = SHNCommentHeaderView.m; sourceTree = "<group>"; };
		1E5B828B1CA9563500F196DB /* SHNCommentCell.h */ = {isa = PBXFileReference; fileEncoding = 4; lastKnownFileType = sourcecode.c.h; path = SHNCommentCell.h; sourceTree = "<group>"; };
		1E5B828C1CA9563500F196DB /* SHNCommentCell.m */ = {isa = PBXFileReference; fileEncoding = 4; lastKnownFileType = sourcecode.c.objc; path = SHNCommentCell.m; sourceTree = "<group>"; };
		1E5B828E1CA9564500F196DB /* SHNCommentCell.xib */ = {isa = PBXFileReference; fileEncoding = 4; lastKnownFileType = file.xib; path = SHNCommentCell.xib; sourceTree = "<group>"; };
		1E5B82901CA96E0A00F196DB /* SHNWindow.h */ = {isa = PBXFileReference; fileEncoding = 4; lastKnownFileType = sourcecode.c.h; path = SHNWindow.h; sourceTree = "<group>"; };
		1E5B82911CA96E0A00F196DB /* SHNWindow.m */ = {isa = PBXFileReference; fileEncoding = 4; lastKnownFileType = sourcecode.c.objc; path = SHNWindow.m; sourceTree = "<group>"; };
		1E8E6C4E1C90491D00AC6D79 /* SHNShowPictureViewController.h */ = {isa = PBXFileReference; fileEncoding = 4; lastKnownFileType = sourcecode.c.h; path = SHNShowPictureViewController.h; sourceTree = "<group>"; };
		1E8E6C4F1C90491D00AC6D79 /* SHNShowPictureViewController.m */ = {isa = PBXFileReference; fileEncoding = 4; lastKnownFileType = sourcecode.c.objc; path = SHNShowPictureViewController.m; sourceTree = "<group>"; };
		1E8E6C501C90491D00AC6D79 /* SHNShowPictureViewController.xib */ = {isa = PBXFileReference; fileEncoding = 4; lastKnownFileType = file.xib; path = SHNShowPictureViewController.xib; sourceTree = "<group>"; };
		1E9AF5B81C8F0E960035365C /* SHNTopicPictureView.h */ = {isa = PBXFileReference; fileEncoding = 4; lastKnownFileType = sourcecode.c.h; path = SHNTopicPictureView.h; sourceTree = "<group>"; };
		1E9AF5B91C8F0E960035365C /* SHNTopicPictureView.m */ = {isa = PBXFileReference; fileEncoding = 4; lastKnownFileType = sourcecode.c.objc; path = SHNTopicPictureView.m; sourceTree = "<group>"; };
		1E9AF5BB1C8F0EA40035365C /* SHNTopicPictureView.xib */ = {isa = PBXFileReference; fileEncoding = 4; lastKnownFileType = file.xib; path = SHNTopicPictureView.xib; sourceTree = "<group>"; };
		1E9AF5BD1C8F120A0035365C /* SHNProgressView.h */ = {isa = PBXFileReference; fileEncoding = 4; lastKnownFileType = sourcecode.c.h; path = SHNProgressView.h; sourceTree = "<group>"; };
		1E9AF5BE1C8F120A0035365C /* SHNProgressView.m */ = {isa = PBXFileReference; fileEncoding = 4; lastKnownFileType = sourcecode.c.objc; path = SHNProgressView.m; sourceTree = "<group>"; };
		1EAD822F1C85C1D2008E5DCB /* SHNRecommendUser.h */ = {isa = PBXFileReference; fileEncoding = 4; lastKnownFileType = sourcecode.c.h; path = SHNRecommendUser.h; sourceTree = "<group>"; };
		1EAD82301C85C1D2008E5DCB /* SHNRecommendUser.m */ = {isa = PBXFileReference; fileEncoding = 4; lastKnownFileType = sourcecode.c.objc; path = SHNRecommendUser.m; sourceTree = "<group>"; };
		1EAD82321C85C204008E5DCB /* SHNRecommendUserCell.h */ = {isa = PBXFileReference; fileEncoding = 4; lastKnownFileType = sourcecode.c.h; path = SHNRecommendUserCell.h; sourceTree = "<group>"; };
		1EAD82331C85C204008E5DCB /* SHNRecommendUserCell.m */ = {isa = PBXFileReference; fileEncoding = 4; lastKnownFileType = sourcecode.c.objc; path = SHNRecommendUserCell.m; sourceTree = "<group>"; };
		1EAD82341C85C204008E5DCB /* SHNRecommendUserCell.xib */ = {isa = PBXFileReference; fileEncoding = 4; lastKnownFileType = file.xib; path = SHNRecommendUserCell.xib; sourceTree = "<group>"; };
		1EAD82371C85CECD008E5DCB /* SHNRecomendTagsController.h */ = {isa = PBXFileReference; fileEncoding = 4; lastKnownFileType = sourcecode.c.h; path = SHNRecomendTagsController.h; sourceTree = "<group>"; };
		1EAD82381C85CECD008E5DCB /* SHNRecomendTagsController.m */ = {isa = PBXFileReference; fileEncoding = 4; lastKnownFileType = sourcecode.c.objc; path = SHNRecomendTagsController.m; sourceTree = "<group>"; };
		1EAD823C1C85CFE7008E5DCB /* SHNRecommendTag.h */ = {isa = PBXFileReference; fileEncoding = 4; lastKnownFileType = sourcecode.c.h; path = SHNRecommendTag.h; sourceTree = "<group>"; };
		1EAD823D1C85CFE7008E5DCB /* SHNRecommendTag.m */ = {isa = PBXFileReference; fileEncoding = 4; lastKnownFileType = sourcecode.c.objc; path = SHNRecommendTag.m; sourceTree = "<group>"; };
		1EB1B6521C919FE400B9520B /* SHNPublishView.h */ = {isa = PBXFileReference; fileEncoding = 4; lastKnownFileType = sourcecode.c.h; path = SHNPublishView.h; sourceTree = "<group>"; };
		1EB1B6531C919FE400B9520B /* SHNPublishView.m */ = {isa = PBXFileReference; fileEncoding = 4; lastKnownFileType = sourcecode.c.objc; path = SHNPublishView.m; sourceTree = "<group>"; };
		1EB1B6551C91A0F800B9520B /* SHNPublishView.xib */ = {isa = PBXFileReference; fileEncoding = 4; lastKnownFileType = file.xib; path = SHNPublishView.xib; sourceTree = "<group>"; };
		1EB28DDD1C9835870056B0E1 /* SHNTopicVoiceView.h */ = {isa = PBXFileReference; fileEncoding = 4; lastKnownFileType = sourcecode.c.h; path = SHNTopicVoiceView.h; sourceTree = "<group>"; };
		1EB28DDE1C9835870056B0E1 /* SHNTopicVoiceView.m */ = {isa = PBXFileReference; fileEncoding = 4; lastKnownFileType = sourcecode.c.objc; path = SHNTopicVoiceView.m; sourceTree = "<group>"; };
		1EB28DE01C98359B0056B0E1 /* SHNTopicVoiceView.xib */ = {isa = PBXFileReference; fileEncoding = 4; lastKnownFileType = file.xib; path = SHNTopicVoiceView.xib; sourceTree = "<group>"; };
		1EBE61D41C8EC21A00B9F547 /* SHNTopicViewController.h */ = {isa = PBXFileReference; fileEncoding = 4; lastKnownFileType = sourcecode.c.h; path = SHNTopicViewController.h; sourceTree = "<group>"; };
		1EBE61D51C8EC21A00B9F547 /* SHNTopicViewController.m */ = {isa = PBXFileReference; fileEncoding = 4; lastKnownFileType = sourcecode.c.objc; path = SHNTopicViewController.m; sourceTree = "<group>"; };
		1EBE6AB81C7F2B2100E3FDB4 /* SHNNavigationController.h */ = {isa = PBXFileReference; fileEncoding = 4; lastKnownFileType = sourcecode.c.h; path = SHNNavigationController.h; sourceTree = "<group>"; };
		1EBE6AB91C7F2B2100E3FDB4 /* SHNNavigationController.m */ = {isa = PBXFileReference; fileEncoding = 4; lastKnownFileType = sourcecode.c.objc; path = SHNNavigationController.m; sourceTree = "<group>"; };
		1EBE6ABB1C7F376300E3FDB4 /* SHNFriendTrendsViewController.xib */ = {isa = PBXFileReference; fileEncoding = 4; lastKnownFileType = file.xib; path = SHNFriendTrendsViewController.xib; sourceTree = "<group>"; };
		1EBEBF761C88760600778692 /* SHNLoginRegisterViewController.h */ = {isa = PBXFileReference; fileEncoding = 4; lastKnownFileType = sourcecode.c.h; path = SHNLoginRegisterViewController.h; sourceTree = "<group>"; };
		1EBEBF771C88760600778692 /* SHNLoginRegisterViewController.m */ = {isa = PBXFileReference; fileEncoding = 4; lastKnownFileType = sourcecode.c.objc; path = SHNLoginRegisterViewController.m; sourceTree = "<group>"; };
		1EBEBF781C88760600778692 /* SHNLoginRegisterViewController.xib */ = {isa = PBXFileReference; fileEncoding = 4; lastKnownFileType = file.xib; path = SHNLoginRegisterViewController.xib; sourceTree = "<group>"; };
		1EBEBF7B1C8876B800778692 /* SHNVerticalButton.h */ = {isa = PBXFileReference; fileEncoding = 4; lastKnownFileType = sourcecode.c.h; path = SHNVerticalButton.h; sourceTree = "<group>"; };
		1EBEBF7C1C8876B800778692 /* SHNVerticalButton.m */ = {isa = PBXFileReference; fileEncoding = 4; lastKnownFileType = sourcecode.c.objc; path = SHNVerticalButton.m; sourceTree = "<group>"; };
		1EBEBF811C887DF200778692 /* SHNTextField.h */ = {isa = PBXFileReference; fileEncoding = 4; lastKnownFileType = sourcecode.c.h; path = SHNTextField.h; sourceTree = "<group>"; };
		1EBEBF821C887DF200778692 /* SHNTextField.m */ = {isa = PBXFileReference; fileEncoding = 4; lastKnownFileType = sourcecode.c.objc; path = SHNTextField.m; sourceTree = "<group>"; };
		1ED4C68B1C7DFBCB009417C9 /* SHNEssenceViewController.h */ = {isa = PBXFileReference; fileEncoding = 4; lastKnownFileType = sourcecode.c.h; path = SHNEssenceViewController.h; sourceTree = "<group>"; };
		1ED4C68C1C7DFBCB009417C9 /* SHNEssenceViewController.m */ = {isa = PBXFileReference; fileEncoding = 4; lastKnownFileType = sourcecode.c.objc; path = SHNEssenceViewController.m; sourceTree = "<group>"; };
		1ED4C68F1C7DFBCB009417C9 /* SHNFriendTrendsViewController.h */ = {isa = PBXFileReference; fileEncoding = 4; lastKnownFileType = sourcecode.c.h; path = SHNFriendTrendsViewController.h; sourceTree = "<group>"; };
		1ED4C6901C7DFBCB009417C9 /* SHNFriendTrendsViewController.m */ = {isa = PBXFileReference; fileEncoding = 4; lastKnownFileType = sourcecode.c.objc; path = SHNFriendTrendsViewController.m; sourceTree = "<group>"; };
		1ED4C6951C7DFBCB009417C9 /* SHNMeViewController.h */ = {isa = PBXFileReference; fileEncoding = 4; lastKnownFileType = sourcecode.c.h; path = SHNMeViewController.h; sourceTree = "<group>"; };
		1ED4C6961C7DFBCB009417C9 /* SHNMeViewController.m */ = {isa = PBXFileReference; fileEncoding = 4; lastKnownFileType = sourcecode.c.objc; path = SHNMeViewController.m; sourceTree = "<group>"; };
		1ED4C69B1C7DFBCB009417C9 /* SHNNewViewController.h */ = {isa = PBXFileReference; fileEncoding = 4; lastKnownFileType = sourcecode.c.h; path = SHNNewViewController.h; sourceTree = "<group>"; };
		1ED4C69C1C7DFBCB009417C9 /* SHNNewViewController.m */ = {isa = PBXFileReference; fileEncoding = 4; lastKnownFileType = sourcecode.c.objc; path = SHNNewViewController.m; sourceTree = "<group>"; };
		1ED4C6A01C7DFBCB009417C9 /* AppDelegate.h */ = {isa = PBXFileReference; fileEncoding = 4; lastKnownFileType = sourcecode.c.h; path = AppDelegate.h; sourceTree = "<group>"; };
		1ED4C6A11C7DFBCB009417C9 /* AppDelegate.m */ = {isa = PBXFileReference; fileEncoding = 4; lastKnownFileType = sourcecode.c.objc; path = AppDelegate.m; sourceTree = "<group>"; };
		1ED4C6A31C7DFBCB009417C9 /* UIBarButtonItem+SHNExtension.h */ = {isa = PBXFileReference; fileEncoding = 4; lastKnownFileType = sourcecode.c.h; path = "UIBarButtonItem+SHNExtension.h"; sourceTree = "<group>"; };
		1ED4C6A41C7DFBCB009417C9 /* UIBarButtonItem+SHNExtension.m */ = {isa = PBXFileReference; fileEncoding = 4; lastKnownFileType = sourcecode.c.objc; path = "UIBarButtonItem+SHNExtension.m"; sourceTree = "<group>"; };
		1ED4C6A51C7DFBCB009417C9 /* UIView+SHNExtension.h */ = {isa = PBXFileReference; fileEncoding = 4; lastKnownFileType = sourcecode.c.h; path = "UIView+SHNExtension.h"; sourceTree = "<group>"; };
		1ED4C6A61C7DFBCB009417C9 /* UIView+SHNExtension.m */ = {isa = PBXFileReference; fileEncoding = 4; lastKnownFileType = sourcecode.c.objc; path = "UIView+SHNExtension.m"; sourceTree = "<group>"; };
		1ED4C6A81C7DFBCB009417C9 /* SHNTabViewController.h */ = {isa = PBXFileReference; fileEncoding = 4; lastKnownFileType = sourcecode.c.h; path = SHNTabViewController.h; sourceTree = "<group>"; };
		1ED4C6A91C7DFBCB009417C9 /* SHNTabViewController.m */ = {isa = PBXFileReference; fileEncoding = 4; lastKnownFileType = sourcecode.c.objc; path = SHNTabViewController.m; sourceTree = "<group>"; };
		1ED4C6AA1C7DFBCB009417C9 /* main.m */ = {isa = PBXFileReference; fileEncoding = 4; lastKnownFileType = sourcecode.c.objc; path = main.m; sourceTree = "<group>"; };
		1ED4C6AB1C7DFBCB009417C9 /* PrefixHeader.pch */ = {isa = PBXFileReference; fileEncoding = 4; lastKnownFileType = sourcecode.c.h; path = PrefixHeader.pch; sourceTree = "<group>"; };
		1ED4C6AD1C7DFBCB009417C9 /* SHNTabBar.h */ = {isa = PBXFileReference; fileEncoding = 4; lastKnownFileType = sourcecode.c.h; path = SHNTabBar.h; sourceTree = "<group>"; };
		1ED4C6AE1C7DFBCB009417C9 /* SHNTabBar.m */ = {isa = PBXFileReference; fileEncoding = 4; lastKnownFileType = sourcecode.c.objc; path = SHNTabBar.m; sourceTree = "<group>"; };
		1EE2DA961CABA1180012CA9D /* UIImage+SHNExtension.h */ = {isa = PBXFileReference; fileEncoding = 4; lastKnownFileType = sourcecode.c.h; path = "UIImage+SHNExtension.h"; sourceTree = "<group>"; };
		1EE2DA971CABA1180012CA9D /* UIImage+SHNExtension.m */ = {isa = PBXFileReference; fileEncoding = 4; lastKnownFileType = sourcecode.c.objc; path = "UIImage+SHNExtension.m"; sourceTree = "<group>"; };
		1EE2DA991CABA68E0012CA9D /* UIImageView+SHNExtension.h */ = {isa = PBXFileReference; fileEncoding = 4; lastKnownFileType = sourcecode.c.h; path = "UIImageView+SHNExtension.h"; sourceTree = "<group>"; };
		1EE2DA9A1CABA68E0012CA9D /* UIImageView+SHNExtension.m */ = {isa = PBXFileReference; fileEncoding = 4; lastKnownFileType = sourcecode.c.objc; path = "UIImageView+SHNExtension.m"; sourceTree = "<group>"; };
		1EE2DAAA1CABCAA20012CA9D /* SHNMeViewCell.h */ = {isa = PBXFileReference; fileEncoding = 4; lastKnownFileType = sourcecode.c.h; path = SHNMeViewCell.h; sourceTree = "<group>"; };
		1EE2DAAB1CABCAA20012CA9D /* SHNMeViewCell.m */ = {isa = PBXFileReference; fileEncoding = 4; lastKnownFileType = sourcecode.c.objc; path = SHNMeViewCell.m; sourceTree = "<group>"; };
		1EE2DAAD1CABCB1C0012CA9D /* SHNMeFooterView.h */ = {isa = PBXFileReference; fileEncoding = 4; lastKnownFileType = sourcecode.c.h; path = SHNMeFooterView.h; sourceTree = "<group>"; };
		1EE2DAAE1CABCB1C0012CA9D /* SHNMeFooterView.m */ = {isa = PBXFileReference; fileEncoding = 4; lastKnownFileType = sourcecode.c.objc; path = SHNMeFooterView.m; sourceTree = "<group>"; };
		1EE2DAB01CABCB4A0012CA9D /* SHNSquare.h */ = {isa = PBXFileReference; fileEncoding = 4; lastKnownFileType = sourcecode.c.h; path = SHNSquare.h; sourceTree = "<group>"; };
		1EE2DAB11CABCB4A0012CA9D /* SHNSquare.m */ = {isa = PBXFileReference; fileEncoding = 4; lastKnownFileType = sourcecode.c.objc; path = SHNSquare.m; sourceTree = "<group>"; };
		1EE2DAB61CABCBA40012CA9D /* SHNSqaureButton.h */ = {isa = PBXFileReference; fileEncoding = 4; lastKnownFileType = sourcecode.c.h; path = SHNSqaureButton.h; sourceTree = "<group>"; };
		1EE2DAB71CABCBA40012CA9D /* SHNSqaureButton.m */ = {isa = PBXFileReference; fileEncoding = 4; lastKnownFileType = sourcecode.c.objc; path = SHNSqaureButton.m; sourceTree = "<group>"; };
		1EE2DAB91CABD2E70012CA9D /* SHNWebViewController.h */ = {isa = PBXFileReference; fileEncoding = 4; lastKnownFileType = sourcecode.c.h; path = SHNWebViewController.h; sourceTree = "<group>"; };
		1EE2DABA1CABD2E70012CA9D /* SHNWebViewController.m */ = {isa = PBXFileReference; fileEncoding = 4; lastKnownFileType = sourcecode.c.objc; path = SHNWebViewController.m; sourceTree = "<group>"; };
		1EE2DABC1CABD4230012CA9D /* SHNWebViewController.xib */ = {isa = PBXFileReference; fileEncoding = 4; lastKnownFileType = file.xib; path = SHNWebViewController.xib; sourceTree = "<group>"; };
		1EE2DAC01CABF5E40012CA9D /* XMGPublishViewController.h */ = {isa = PBXFileReference; fileEncoding = 4; lastKnownFileType = sourcecode.c.h; path = XMGPublishViewController.h; sourceTree = "<group>"; };
		1EE2DAC11CABF5E40012CA9D /* XMGPublishViewController.m */ = {isa = PBXFileReference; fileEncoding = 4; lastKnownFileType = sourcecode.c.objc; path = XMGPublishViewController.m; sourceTree = "<group>"; };
		1EE2DAC21CABF5E40012CA9D /* XMGPublishViewController.xib */ = {isa = PBXFileReference; fileEncoding = 4; lastKnownFileType = file.xib; path = XMGPublishViewController.xib; sourceTree = "<group>"; };
		1EE2DAC51CABF7290012CA9D /* SHNPostViewController.h */ = {isa = PBXFileReference; fileEncoding = 4; lastKnownFileType = sourcecode.c.h; path = SHNPostViewController.h; sourceTree = "<group>"; };
		1EE2DAC61CABF7290012CA9D /* SHNPostViewController.m */ = {isa = PBXFileReference; fileEncoding = 4; lastKnownFileType = sourcecode.c.objc; path = SHNPostViewController.m; sourceTree = "<group>"; };
		1EE2DAC91CABFE090012CA9D /* SHNPlaceHolderTextView.h */ = {isa = PBXFileReference; fileEncoding = 4; lastKnownFileType = sourcecode.c.h; path = SHNPlaceHolderTextView.h; sourceTree = "<group>"; };
		1EE2DACA1CABFE090012CA9D /* SHNPlaceHolderTextView.m */ = {isa = PBXFileReference; fileEncoding = 4; lastKnownFileType = sourcecode.c.objc; path = SHNPlaceHolderTextView.m; sourceTree = "<group>"; };
		1EEB51F91C7C8B2800953ECC /* 百思不得姐.app */ = {isa = PBXFileReference; explicitFileType = wrapper.application; includeInIndex = 0; path = "百思不得姐.app"; sourceTree = BUILT_PRODUCTS_DIR; };
		1EEB52081C7C8B2800953ECC /* Assets.xcassets */ = {isa = PBXFileReference; lastKnownFileType = folder.assetcatalog; path = Assets.xcassets; sourceTree = "<group>"; };
		1EEB520D1C7C8B2800953ECC /* Info.plist */ = {isa = PBXFileReference; lastKnownFileType = text.plist.xml; path = Info.plist; sourceTree = "<group>"; };
		1EEB52121C7C8B2800953ECC /* 百思不得姐Tests.xctest */ = {isa = PBXFileReference; explicitFileType = wrapper.cfbundle; includeInIndex = 0; path = "百思不得姐Tests.xctest"; sourceTree = BUILT_PRODUCTS_DIR; };
		1EEB52161C7C8B2800953ECC /* _____Tests.m */ = {isa = PBXFileReference; lastKnownFileType = sourcecode.c.objc; path = "_____Tests.m"; sourceTree = "<group>"; };
		1EEB52181C7C8B2800953ECC /* Info.plist */ = {isa = PBXFileReference; lastKnownFileType = text.plist.xml; path = Info.plist; sourceTree = "<group>"; };
		90340C6F97E1864E32D7EDAF /* libPods.a */ = {isa = PBXFileReference; explicitFileType = archive.ar; includeInIndex = 0; path = libPods.a; sourceTree = BUILT_PRODUCTS_DIR; };
		BB81CF451888B8702571A5D8 /* Pods.debug.xcconfig */ = {isa = PBXFileReference; includeInIndex = 1; lastKnownFileType = text.xcconfig; name = Pods.debug.xcconfig; path = "Pods/Target Support Files/Pods/Pods.debug.xcconfig"; sourceTree = "<group>"; };
		FBA596042DEC14038ED5C12F /* Pods.release.xcconfig */ = {isa = PBXFileReference; includeInIndex = 1; lastKnownFileType = text.xcconfig; name = Pods.release.xcconfig; path = "Pods/Target Support Files/Pods/Pods.release.xcconfig"; sourceTree = "<group>"; };
/* End PBXFileReference section */

/* Begin PBXFrameworksBuildPhase section */
		1EEB51F61C7C8B2800953ECC /* Frameworks */ = {
			isa = PBXFrameworksBuildPhase;
			buildActionMask = 2147483647;
			files = (
				02176CC71A5871480CBF59B0 /* libPods.a in Frameworks */,
			);
			runOnlyForDeploymentPostprocessing = 0;
		};
		1EEB520F1C7C8B2800953ECC /* Frameworks */ = {
			isa = PBXFrameworksBuildPhase;
			buildActionMask = 2147483647;
			files = (
			);
			runOnlyForDeploymentPostprocessing = 0;
		};
/* End PBXFrameworksBuildPhase section */

/* Begin PBXGroup section */
		1EAD823A1C85CFBA008E5DCB /* Model */ = {
			isa = PBXGroup;
			children = (
				1EAD823C1C85CFE7008E5DCB /* SHNRecommendTag.h */,
				1EAD823D1C85CFE7008E5DCB /* SHNRecommendTag.m */,
				1E21397F1C8BAFF100D94018 /* SHNTopic.h */,
				1E2139801C8BAFF100D94018 /* SHNTopic.m */,
				1E5B824D1CA7729F00F196DB /* SHNComment.h */,
				1E5B824E1CA7729F00F196DB /* SHNComment.m */,
				1E5B82501CA772B500F196DB /* SHNUser.h */,
				1E5B82511CA772B500F196DB /* SHNUser.m */,
			);
			path = Model;
			sourceTree = "<group>";
		};
		1EAD823B1C85CFCB008E5DCB /* View */ = {
			isa = PBXGroup;
			children = (
				1E39DD1C1C87229E00E4F9E3 /* SHNRecommendTagCell.h */,
				1E39DD1D1C87229E00E4F9E3 /* SHNRecommendTagCell.m */,
				1E39DD1E1C87229E00E4F9E3 /* SHNRecommendTagCell.xib */,
				1E2139851C8BC22A00D94018 /* SHNTopicCell.h */,
				1E2139861C8BC22A00D94018 /* SHNTopicCell.m */,
				1E2139871C8BC22A00D94018 /* SHNTopicCell.xib */,
				1E9AF5B81C8F0E960035365C /* SHNTopicPictureView.h */,
				1E9AF5B91C8F0E960035365C /* SHNTopicPictureView.m */,
				1E9AF5BB1C8F0EA40035365C /* SHNTopicPictureView.xib */,
				1EB28DDD1C9835870056B0E1 /* SHNTopicVoiceView.h */,
				1EB28DDE1C9835870056B0E1 /* SHNTopicVoiceView.m */,
				1EB28DE01C98359B0056B0E1 /* SHNTopicVoiceView.xib */,
				1E5B82531CA773B000F196DB /* SHNTopicVideoView.h */,
				1E5B82541CA773B000F196DB /* SHNTopicVideoView.m */,
				1E5B82561CA773C000F196DB /* SHNTopicVideoView.xib */,
				1E9AF5BD1C8F120A0035365C /* SHNProgressView.h */,
				1E9AF5BE1C8F120A0035365C /* SHNProgressView.m */,
				1E5B825D1CA80A3100F196DB /* SHNCommentHeaderView.h */,
				1E5B825E1CA80A3100F196DB /* SHNCommentHeaderView.m */,
				1E5B828B1CA9563500F196DB /* SHNCommentCell.h */,
				1E5B828C1CA9563500F196DB /* SHNCommentCell.m */,
				1E5B828E1CA9564500F196DB /* SHNCommentCell.xib */,
			);
			path = View;
			sourceTree = "<group>";
		};
		1ED4C6881C7DFBCB009417C9 /* Classes */ = {
			isa = PBXGroup;
			children = (
				1EE2DABE1CABF5CD0012CA9D /* Publish-发布 */,
				1ED4C6891C7DFBCB009417C9 /* Essence-精华 */,
				1ED4C68D1C7DFBCB009417C9 /* FriendTrends-关注 */,
				1ED4C6931C7DFBCB009417C9 /* Me-我 */,
				1ED4C6991C7DFBCB009417C9 /* New-新帖 */,
				1ED4C69F1C7DFBCB009417C9 /* Other-其他 */,
			);
			path = Classes;
			sourceTree = "<group>";
		};
		1ED4C6891C7DFBCB009417C9 /* Essence-精华 */ = {
			isa = PBXGroup;
			children = (
				1EAD823B1C85CFCB008E5DCB /* View */,
				1EAD823A1C85CFBA008E5DCB /* Model */,
				1ED4C68A1C7DFBCB009417C9 /* Controller */,
			);
			path = "Essence-精华";
			sourceTree = "<group>";
		};
		1ED4C68A1C7DFBCB009417C9 /* Controller */ = {
			isa = PBXGroup;
			children = (
				1ED4C68B1C7DFBCB009417C9 /* SHNEssenceViewController.h */,
				1ED4C68C1C7DFBCB009417C9 /* SHNEssenceViewController.m */,
				1EAD82371C85CECD008E5DCB /* SHNRecomendTagsController.h */,
				1EAD82381C85CECD008E5DCB /* SHNRecomendTagsController.m */,
				1E2139701C8AE57100D94018 /* SHNAllViewController.h */,
				1E2139711C8AE57100D94018 /* SHNAllViewController.m */,
				1E2139731C8AE5B300D94018 /* SHNVideoViewController.h */,
				1E2139741C8AE5B300D94018 /* SHNVideoViewController.m */,
				1E2139761C8AE5D600D94018 /* SHNVoiceViewController.h */,
				1E2139771C8AE5D600D94018 /* SHNVoiceViewController.m */,
				1E2139791C8AE5F700D94018 /* SHNPictureViewController.h */,
				1E21397A1C8AE5F700D94018 /* SHNPictureViewController.m */,
				1E21397C1C8AE61200D94018 /* SHNWordViewController.h */,
				1E21397D1C8AE61200D94018 /* SHNWordViewController.m */,
				1EBE61D41C8EC21A00B9F547 /* SHNTopicViewController.h */,
				1EBE61D51C8EC21A00B9F547 /* SHNTopicViewController.m */,
				1E5B82581CA79CAA00F196DB /* SHNCommentViewController.h */,
				1E5B82591CA79CAA00F196DB /* SHNCommentViewController.m */,
				1E5B825A1CA79CAA00F196DB /* SHNCommentViewController.xib */,
				1E8E6C4E1C90491D00AC6D79 /* SHNShowPictureViewController.h */,
				1E8E6C4F1C90491D00AC6D79 /* SHNShowPictureViewController.m */,
				1E8E6C501C90491D00AC6D79 /* SHNShowPictureViewController.xib */,
			);
			path = Controller;
			sourceTree = "<group>";
		};
		1ED4C68D1C7DFBCB009417C9 /* FriendTrends-关注 */ = {
			isa = PBXGroup;
			children = (
				1ED4C68E1C7DFBCB009417C9 /* Controller */,
				1ED4C6911C7DFBCB009417C9 /* Model */,
				1ED4C6921C7DFBCB009417C9 /* View */,
			);
			path = "FriendTrends-关注";
			sourceTree = "<group>";
		};
		1ED4C68E1C7DFBCB009417C9 /* Controller */ = {
			isa = PBXGroup;
			children = (
				1ED4C68F1C7DFBCB009417C9 /* SHNFriendTrendsViewController.h */,
				1ED4C6901C7DFBCB009417C9 /* SHNFriendTrendsViewController.m */,
				1EBE6ABB1C7F376300E3FDB4 /* SHNFriendTrendsViewController.xib */,
				1E4B72481C82E1850009C81F /* SHNRecomendViewController.h */,
				1E4B72491C82E1850009C81F /* SHNRecomendViewController.m */,
				1E4B724A1C82E1850009C81F /* SHNRecomendViewController.xib */,
				1EBEBF761C88760600778692 /* SHNLoginRegisterViewController.h */,
				1EBEBF771C88760600778692 /* SHNLoginRegisterViewController.m */,
				1EBEBF781C88760600778692 /* SHNLoginRegisterViewController.xib */,
			);
			path = Controller;
			sourceTree = "<group>";
		};
		1ED4C6911C7DFBCB009417C9 /* Model */ = {
			isa = PBXGroup;
			children = (
				1E4B724D1C82F1C30009C81F /* SHNRecomendCatogory.h */,
				1E4B724E1C82F1C30009C81F /* SHNRecomendCatogory.m */,
				1EAD822F1C85C1D2008E5DCB /* SHNRecommendUser.h */,
				1EAD82301C85C1D2008E5DCB /* SHNRecommendUser.m */,
			);
			path = Model;
			sourceTree = "<group>";
		};
		1ED4C6921C7DFBCB009417C9 /* View */ = {
			isa = PBXGroup;
			children = (
				1E4B72501C82F1F20009C81F /* SHNRecomendCategoryCell.h */,
				1E4B72511C82F1F20009C81F /* SHNRecomendCategoryCell.m */,
				1E4B72531C82F23D0009C81F /* SHNRecomendCategoryCell.xib */,
				1EAD82321C85C204008E5DCB /* SHNRecommendUserCell.h */,
				1EAD82331C85C204008E5DCB /* SHNRecommendUserCell.m */,
				1EAD82341C85C204008E5DCB /* SHNRecommendUserCell.xib */,
				1EBEBF7B1C8876B800778692 /* SHNVerticalButton.h */,
				1EBEBF7C1C8876B800778692 /* SHNVerticalButton.m */,
				1EBEBF811C887DF200778692 /* SHNTextField.h */,
				1EBEBF821C887DF200778692 /* SHNTextField.m */,
			);
			path = View;
			sourceTree = "<group>";
		};
		1ED4C6931C7DFBCB009417C9 /* Me-我 */ = {
			isa = PBXGroup;
			children = (
				1EE2DAA91CABCA7D0012CA9D /* Model */,
				1EE2DAA81CABCA730012CA9D /* View */,
				1ED4C6941C7DFBCB009417C9 /* Controller */,
			);
			path = "Me-我";
			sourceTree = "<group>";
		};
		1ED4C6941C7DFBCB009417C9 /* Controller */ = {
			isa = PBXGroup;
			children = (
				1ED4C6951C7DFBCB009417C9 /* SHNMeViewController.h */,
				1ED4C6961C7DFBCB009417C9 /* SHNMeViewController.m */,
				1EE2DAB91CABD2E70012CA9D /* SHNWebViewController.h */,
				1EE2DABA1CABD2E70012CA9D /* SHNWebViewController.m */,
				1EE2DABC1CABD4230012CA9D /* SHNWebViewController.xib */,
			);
			path = Controller;
			sourceTree = "<group>";
		};
		1ED4C6991C7DFBCB009417C9 /* New-新帖 */ = {
			isa = PBXGroup;
			children = (
				1ED4C69A1C7DFBCB009417C9 /* Controller */,
				1ED4C69D1C7DFBCB009417C9 /* Model */,
				1ED4C69E1C7DFBCB009417C9 /* View */,
			);
			path = "New-新帖";
			sourceTree = "<group>";
		};
		1ED4C69A1C7DFBCB009417C9 /* Controller */ = {
			isa = PBXGroup;
			children = (
				1ED4C69B1C7DFBCB009417C9 /* SHNNewViewController.h */,
				1ED4C69C1C7DFBCB009417C9 /* SHNNewViewController.m */,
			);
			path = Controller;
			sourceTree = "<group>";
		};
		1ED4C69D1C7DFBCB009417C9 /* Model */ = {
			isa = PBXGroup;
			children = (
			);
			path = Model;
			sourceTree = "<group>";
		};
		1ED4C69E1C7DFBCB009417C9 /* View */ = {
			isa = PBXGroup;
			children = (
			);
			path = View;
			sourceTree = "<group>";
		};
		1ED4C69F1C7DFBCB009417C9 /* Other-其他 */ = {
			isa = PBXGroup;
			children = (
				1ED4C6A21C7DFBCB009417C9 /* Category */,
				1ED4C6A71C7DFBCB009417C9 /* Controller */,
				1ED4C6AC1C7DFBCB009417C9 /* View */,
				1ED4C6A01C7DFBCB009417C9 /* AppDelegate.h */,
				1ED4C6A11C7DFBCB009417C9 /* AppDelegate.m */,
				1ED4C6AA1C7DFBCB009417C9 /* main.m */,
				1ED4C6AB1C7DFBCB009417C9 /* PrefixHeader.pch */,
				1E4B72551C82FD1E0009C81F /* Foundation+Log.m */,
				1E2139821C8BBFA600D94018 /* SHNConst.h */,
				1E2139831C8BBFC900D94018 /* SHNConst.m */,
			);
			path = "Other-其他";
			sourceTree = "<group>";
		};
		1ED4C6A21C7DFBCB009417C9 /* Category */ = {
			isa = PBXGroup;
			children = (
				1ED4C6A31C7DFBCB009417C9 /* UIBarButtonItem+SHNExtension.h */,
				1ED4C6A41C7DFBCB009417C9 /* UIBarButtonItem+SHNExtension.m */,
				1ED4C6A51C7DFBCB009417C9 /* UIView+SHNExtension.h */,
				1ED4C6A61C7DFBCB009417C9 /* UIView+SHNExtension.m */,
				1E21398A1C8C3ECF00D94018 /* NSDate+Extension.h */,
				1E21398B1C8C3ECF00D94018 /* NSDate+Extension.m */,
				1EE2DA961CABA1180012CA9D /* UIImage+SHNExtension.h */,
				1EE2DA971CABA1180012CA9D /* UIImage+SHNExtension.m */,
				1EE2DA991CABA68E0012CA9D /* UIImageView+SHNExtension.h */,
				1EE2DA9A1CABA68E0012CA9D /* UIImageView+SHNExtension.m */,
			);
			path = Category;
			sourceTree = "<group>";
		};
		1ED4C6A71C7DFBCB009417C9 /* Controller */ = {
			isa = PBXGroup;
			children = (
				1ED4C6A81C7DFBCB009417C9 /* SHNTabViewController.h */,
				1ED4C6A91C7DFBCB009417C9 /* SHNTabViewController.m */,
				1EBE6AB81C7F2B2100E3FDB4 /* SHNNavigationController.h */,
				1EBE6AB91C7F2B2100E3FDB4 /* SHNNavigationController.m */,
				1EB1B6521C919FE400B9520B /* SHNPublishView.h */,
				1EB1B6531C919FE400B9520B /* SHNPublishView.m */,
				1EB1B6551C91A0F800B9520B /* SHNPublishView.xib */,
			);
			path = Controller;
			sourceTree = "<group>";
		};
		1ED4C6AC1C7DFBCB009417C9 /* View */ = {
			isa = PBXGroup;
			children = (
				1ED4C6AD1C7DFBCB009417C9 /* SHNTabBar.h */,
				1ED4C6AE1C7DFBCB009417C9 /* SHNTabBar.m */,
				1E21396B1C8A701E00D94018 /* SHNPushGuideView.h */,
				1E21396C1C8A701E00D94018 /* SHNPushGuideView.m */,
				1E21396E1C8A703000D94018 /* SHNPushGuideView.xib */,
				1E5B82901CA96E0A00F196DB /* SHNWindow.h */,
				1E5B82911CA96E0A00F196DB /* SHNWindow.m */,
			);
			path = View;
			sourceTree = "<group>";
		};
		1EE2DAA81CABCA730012CA9D /* View */ = {
			isa = PBXGroup;
			children = (
				1EE2DAAA1CABCAA20012CA9D /* SHNMeViewCell.h */,
				1EE2DAAB1CABCAA20012CA9D /* SHNMeViewCell.m */,
				1EE2DAAD1CABCB1C0012CA9D /* SHNMeFooterView.h */,
				1EE2DAAE1CABCB1C0012CA9D /* SHNMeFooterView.m */,
				1EE2DAB61CABCBA40012CA9D /* SHNSqaureButton.h */,
				1EE2DAB71CABCBA40012CA9D /* SHNSqaureButton.m */,
			);
			path = View;
			sourceTree = "<group>";
		};
		1EE2DAA91CABCA7D0012CA9D /* Model */ = {
			isa = PBXGroup;
			children = (
				1EE2DAB01CABCB4A0012CA9D /* SHNSquare.h */,
				1EE2DAB11CABCB4A0012CA9D /* SHNSquare.m */,
			);
			path = Model;
			sourceTree = "<group>";
		};
		1EE2DABE1CABF5CD0012CA9D /* Publish-发布 */ = {
			isa = PBXGroup;
			children = (
				1EE2DAC81CABFDE80012CA9D /* View */,
				1EE2DABF1CABF5DA0012CA9D /* Controller */,
			);
			path = "Publish-发布";
			sourceTree = "<group>";
		};
		1EE2DABF1CABF5DA0012CA9D /* Controller */ = {
			isa = PBXGroup;
			children = (
				1EE2DAC01CABF5E40012CA9D /* XMGPublishViewController.h */,
				1EE2DAC11CABF5E40012CA9D /* XMGPublishViewController.m */,
				1EE2DAC21CABF5E40012CA9D /* XMGPublishViewController.xib */,
				1EE2DAC51CABF7290012CA9D /* SHNPostViewController.h */,
				1EE2DAC61CABF7290012CA9D /* SHNPostViewController.m */,
			);
			path = Controller;
			sourceTree = "<group>";
		};
		1EE2DAC81CABFDE80012CA9D /* View */ = {
			isa = PBXGroup;
			children = (
				1EE2DAC91CABFE090012CA9D /* SHNPlaceHolderTextView.h */,
				1EE2DACA1CABFE090012CA9D /* SHNPlaceHolderTextView.m */,
			);
			path = View;
			sourceTree = "<group>";
		};
		1EEB51F01C7C8B2800953ECC = {
			isa = PBXGroup;
			children = (
				1EEB51FB1C7C8B2800953ECC /* 百思不得姐 */,
				1EEB52151C7C8B2800953ECC /* 百思不得姐Tests */,
				1EEB51FA1C7C8B2800953ECC /* Products */,
				2CFA9E4C14C83ACD202A9501 /* Pods */,
				20F0A628BEA303869D391565 /* Frameworks */,
			);
			sourceTree = "<group>";
		};
		1EEB51FA1C7C8B2800953ECC /* Products */ = {
			isa = PBXGroup;
			children = (
				1EEB51F91C7C8B2800953ECC /* 百思不得姐.app */,
				1EEB52121C7C8B2800953ECC /* 百思不得姐Tests.xctest */,
			);
			name = Products;
			sourceTree = "<group>";
		};
		1EEB51FB1C7C8B2800953ECC /* 百思不得姐 */ = {
			isa = PBXGroup;
			children = (
				1ED4C6881C7DFBCB009417C9 /* Classes */,
				1EEB51FC1C7C8B2800953ECC /* Supporting Files */,
			);
			path = "百思不得姐";
			sourceTree = "<group>";
		};
		1EEB51FC1C7C8B2800953ECC /* Supporting Files */ = {
			isa = PBXGroup;
			children = (
				1EEB52081C7C8B2800953ECC /* Assets.xcassets */,
				1EEB520D1C7C8B2800953ECC /* Info.plist */,
			);
			name = "Supporting Files";
			sourceTree = "<group>";
		};
		1EEB52151C7C8B2800953ECC /* 百思不得姐Tests */ = {
			isa = PBXGroup;
			children = (
				1EEB52161C7C8B2800953ECC /* _____Tests.m */,
				1EEB52181C7C8B2800953ECC /* Info.plist */,
			);
			path = "百思不得姐Tests";
			sourceTree = "<group>";
		};
		20F0A628BEA303869D391565 /* Frameworks */ = {
			isa = PBXGroup;
			children = (
				90340C6F97E1864E32D7EDAF /* libPods.a */,
			);
			name = Frameworks;
			sourceTree = "<group>";
		};
		2CFA9E4C14C83ACD202A9501 /* Pods */ = {
			isa = PBXGroup;
			children = (
				BB81CF451888B8702571A5D8 /* Pods.debug.xcconfig */,
				FBA596042DEC14038ED5C12F /* Pods.release.xcconfig */,
			);
			name = Pods;
			sourceTree = "<group>";
		};
/* End PBXGroup section */

/* Begin PBXNativeTarget section */
		1EEB51F81C7C8B2800953ECC /* 百思不得姐 */ = {
			isa = PBXNativeTarget;
			buildConfigurationList = 1EEB521B1C7C8B2800953ECC /* Build configuration list for PBXNativeTarget "百思不得姐" */;
			buildPhases = (
				A633BD826B8016AF1AE3E656 /* Check Pods Manifest.lock */,
				1EEB51F51C7C8B2800953ECC /* Sources */,
				1EEB51F61C7C8B2800953ECC /* Frameworks */,
				1EEB51F71C7C8B2800953ECC /* Resources */,
				9FA5289733258A0C2CCFA21C /* Copy Pods Resources */,
			);
			buildRules = (
			);
			dependencies = (
			);
			name = "百思不得姐";
			productName = "百思不得姐";
			productReference = 1EEB51F91C7C8B2800953ECC /* 百思不得姐.app */;
			productType = "com.apple.product-type.application";
		};
		1EEB52111C7C8B2800953ECC /* 百思不得姐Tests */ = {
			isa = PBXNativeTarget;
			buildConfigurationList = 1EEB521E1C7C8B2800953ECC /* Build configuration list for PBXNativeTarget "百思不得姐Tests" */;
			buildPhases = (
				1EEB520E1C7C8B2800953ECC /* Sources */,
				1EEB520F1C7C8B2800953ECC /* Frameworks */,
				1EEB52101C7C8B2800953ECC /* Resources */,
			);
			buildRules = (
			);
			dependencies = (
				1EEB52141C7C8B2800953ECC /* PBXTargetDependency */,
			);
			name = "百思不得姐Tests";
			productName = "百思不得姐Tests";
			productReference = 1EEB52121C7C8B2800953ECC /* 百思不得姐Tests.xctest */;
			productType = "com.apple.product-type.bundle.unit-test";
		};
/* End PBXNativeTarget section */

/* Begin PBXProject section */
		1EEB51F11C7C8B2800953ECC /* Project object */ = {
			isa = PBXProject;
			attributes = {
				CLASSPREFIX = SHN;
				LastUpgradeCheck = 0720;
				ORGANIZATIONNAME = suhaonan;
				TargetAttributes = {
					1EEB51F81C7C8B2800953ECC = {
						CreatedOnToolsVersion = 7.2;
					};
					1EEB52111C7C8B2800953ECC = {
						CreatedOnToolsVersion = 7.2;
						TestTargetID = 1EEB51F81C7C8B2800953ECC;
					};
				};
			};
			buildConfigurationList = 1EEB51F41C7C8B2800953ECC /* Build configuration list for PBXProject "百思不得姐" */;
			compatibilityVersion = "Xcode 3.2";
			developmentRegion = English;
			hasScannedForEncodings = 0;
			knownRegions = (
				en,
				Base,
			);
			mainGroup = 1EEB51F01C7C8B2800953ECC;
			productRefGroup = 1EEB51FA1C7C8B2800953ECC /* Products */;
			projectDirPath = "";
			projectRoot = "";
			targets = (
				1EEB51F81C7C8B2800953ECC /* 百思不得姐 */,
				1EEB52111C7C8B2800953ECC /* 百思不得姐Tests */,
			);
		};
/* End PBXProject section */

/* Begin PBXResourcesBuildPhase section */
		1EEB51F71C7C8B2800953ECC /* Resources */ = {
			isa = PBXResourcesBuildPhase;
			buildActionMask = 2147483647;
			files = (
				1EBEBF7A1C88760600778692 /* SHNLoginRegisterViewController.xib in Resources */,
				1E4B72541C82F23D0009C81F /* SHNRecomendCategoryCell.xib in Resources */,
				1EBE6ABC1C7F376300E3FDB4 /* SHNFriendTrendsViewController.xib in Resources */,
				1EE2DAC41CABF5E40012CA9D /* XMGPublishViewController.xib in Resources */,
				1EAD82361C85C204008E5DCB /* SHNRecommendUserCell.xib in Resources */,
				1E5B82571CA773C000F196DB /* SHNTopicVideoView.xib in Resources */,
				1EE2DABD1CABD4230012CA9D /* SHNWebViewController.xib in Resources */,
				1E4B724C1C82E1850009C81F /* SHNRecomendViewController.xib in Resources */,
				1EEB52091C7C8B2800953ECC /* Assets.xcassets in Resources */,
				1E39DD201C87229E00E4F9E3 /* SHNRecommendTagCell.xib in Resources */,
				1EB28DE11C98359B0056B0E1 /* SHNTopicVoiceView.xib in Resources */,
				1E2139891C8BC22A00D94018 /* SHNTopicCell.xib in Resources */,
				1E21396F1C8A703000D94018 /* SHNPushGuideView.xib in Resources */,
				1E8E6C521C90491D00AC6D79 /* SHNShowPictureViewController.xib in Resources */,
				1EB1B6561C91A0F800B9520B /* SHNPublishView.xib in Resources */,
				1E5B825C1CA79CAA00F196DB /* SHNCommentViewController.xib in Resources */,
				1E9AF5BC1C8F0EA40035365C /* SHNTopicPictureView.xib in Resources */,
				1E5B828F1CA9564500F196DB /* SHNCommentCell.xib in Resources */,
			);
			runOnlyForDeploymentPostprocessing = 0;
		};
		1EEB52101C7C8B2800953ECC /* Resources */ = {
			isa = PBXResourcesBuildPhase;
			buildActionMask = 2147483647;
			files = (
			);
			runOnlyForDeploymentPostprocessing = 0;
		};
/* End PBXResourcesBuildPhase section */

/* Begin PBXShellScriptBuildPhase section */
		9FA5289733258A0C2CCFA21C /* Copy Pods Resources */ = {
			isa = PBXShellScriptBuildPhase;
			buildActionMask = 2147483647;
			files = (
			);
			inputPaths = (
			);
			name = "Copy Pods Resources";
			outputPaths = (
			);
			runOnlyForDeploymentPostprocessing = 0;
			shellPath = /bin/sh;
			shellScript = "\"${SRCROOT}/Pods/Target Support Files/Pods/Pods-resources.sh\"\n";
			showEnvVarsInLog = 0;
		};
		A633BD826B8016AF1AE3E656 /* Check Pods Manifest.lock */ = {
			isa = PBXShellScriptBuildPhase;
			buildActionMask = 2147483647;
			files = (
			);
			inputPaths = (
			);
			name = "Check Pods Manifest.lock";
			outputPaths = (
			);
			runOnlyForDeploymentPostprocessing = 0;
			shellPath = /bin/sh;
			shellScript = "diff \"${PODS_ROOT}/../Podfile.lock\" \"${PODS_ROOT}/Manifest.lock\" > /dev/null\nif [[ $? != 0 ]] ; then\n    cat << EOM\nerror: The sandbox is not in sync with the Podfile.lock. Run 'pod install' or update your CocoaPods installation.\nEOM\n    exit 1\nfi\n";
			showEnvVarsInLog = 0;
		};
/* End PBXShellScriptBuildPhase section */

/* Begin PBXSourcesBuildPhase section */
		1EEB51F51C7C8B2800953ECC /* Sources */ = {
			isa = PBXSourcesBuildPhase;
			buildActionMask = 2147483647;
			files = (
				1EE2DAC71CABF7290012CA9D /* SHNPostViewController.m in Sources */,
				1ED4C6B71C7DFBCB009417C9 /* main.m in Sources */,
				1EB28DDF1C9835870056B0E1 /* SHNTopicVoiceView.m in Sources */,
				1EE2DA9B1CABA68E0012CA9D /* UIImageView+SHNExtension.m in Sources */,
				1ED4C6B81C7DFBCB009417C9 /* SHNTabBar.m in Sources */,
				1E21398C1C8C3ECF00D94018 /* NSDate+Extension.m in Sources */,
				1EE2DA981CABA1180012CA9D /* UIImage+SHNExtension.m in Sources */,
				1EAD823E1C85CFE7008E5DCB /* SHNRecommendTag.m in Sources */,
				1EBEBF831C887DF200778692 /* SHNTextField.m in Sources */,
				1E2139751C8AE5B300D94018 /* SHNVideoViewController.m in Sources */,
				1EE2DAC31CABF5E40012CA9D /* XMGPublishViewController.m in Sources */,
				1EE2DAAF1CABCB1C0012CA9D /* SHNMeFooterView.m in Sources */,
				1EBE6ABA1C7F2B2100E3FDB4 /* SHNNavigationController.m in Sources */,
				1E4B724B1C82E1850009C81F /* SHNRecomendViewController.m in Sources */,
				1ED4C6B41C7DFBCB009417C9 /* UIBarButtonItem+SHNExtension.m in Sources */,
				1EE2DACB1CABFE090012CA9D /* SHNPlaceHolderTextView.m in Sources */,
				1E4B724F1C82F1C30009C81F /* SHNRecomendCatogory.m in Sources */,
				1E2139811C8BAFF100D94018 /* SHNTopic.m in Sources */,
				1EE2DAAC1CABCAA20012CA9D /* SHNMeViewCell.m in Sources */,
				1E39DD1F1C87229E00E4F9E3 /* SHNRecommendTagCell.m in Sources */,
				1E5B825F1CA80A3100F196DB /* SHNCommentHeaderView.m in Sources */,
				1ED4C6B01C7DFBCB009417C9 /* SHNFriendTrendsViewController.m in Sources */,
				1ED4C6B51C7DFBCB009417C9 /* UIView+SHNExtension.m in Sources */,
				1E5B82521CA772B500F196DB /* SHNUser.m in Sources */,
				1EB1B6541C919FE400B9520B /* SHNPublishView.m in Sources */,
				1ED4C6B31C7DFBCB009417C9 /* AppDelegate.m in Sources */,
				1EBEBF791C88760600778692 /* SHNLoginRegisterViewController.m in Sources */,
				1ED4C6B11C7DFBCB009417C9 /* SHNMeViewController.m in Sources */,
				1E5B824F1CA7729F00F196DB /* SHNComment.m in Sources */,
				1EE2DAB81CABCBA40012CA9D /* SHNSqaureButton.m in Sources */,
				1ED4C6AF1C7DFBCB009417C9 /* SHNEssenceViewController.m in Sources */,
				1E2139881C8BC22A00D94018 /* SHNTopicCell.m in Sources */,
				1E4B72561C82FD1E0009C81F /* Foundation+Log.m in Sources */,
				1EBE61D61C8EC21A00B9F547 /* SHNTopicViewController.m in Sources */,
				1EAD82351C85C204008E5DCB /* SHNRecommendUserCell.m in Sources */,
				1E5B82551CA773B000F196DB /* SHNTopicVideoView.m in Sources */,
				1EBEBF7D1C8876B800778692 /* SHNVerticalButton.m in Sources */,
				1E5B828D1CA9563500F196DB /* SHNCommentCell.m in Sources */,
				1E21397E1C8AE61200D94018 /* SHNWordViewController.m in Sources */,
				1E2139781C8AE5D600D94018 /* SHNVoiceViewController.m in Sources */,
				1E2139721C8AE57200D94018 /* SHNAllViewController.m in Sources */,
				1E5B82921CA96E0A00F196DB /* SHNWindow.m in Sources */,
				1E21397B1C8AE5F700D94018 /* SHNPictureViewController.m in Sources */,
				1EAD82391C85CECD008E5DCB /* SHNRecomendTagsController.m in Sources */,
				1ED4C6B61C7DFBCB009417C9 /* SHNTabViewController.m in Sources */,
				1E9AF5BA1C8F0E960035365C /* SHNTopicPictureView.m in Sources */,
				1E4B72521C82F1F20009C81F /* SHNRecomendCategoryCell.m in Sources */,
				1ED4C6B21C7DFBCB009417C9 /* SHNNewViewController.m in Sources */,
				1E8E6C511C90491D00AC6D79 /* SHNShowPictureViewController.m in Sources */,
				1E5B825B1CA79CAA00F196DB /* SHNCommentViewController.m in Sources */,
				1EE2DABB1CABD2E70012CA9D /* SHNWebViewController.m in Sources */,
				1E2139841C8BBFC900D94018 /* SHNConst.m in Sources */,
				1E9AF5BF1C8F120A0035365C /* SHNProgressView.m in Sources */,
				1EAD82311C85C1D2008E5DCB /* SHNRecommendUser.m in Sources */,
				1EE2DAB21CABCB4A0012CA9D /* SHNSquare.m in Sources */,
				1E21396D1C8A701E00D94018 /* SHNPushGuideView.m in Sources */,
			);
			runOnlyForDeploymentPostprocessing = 0;
		};
		1EEB520E1C7C8B2800953ECC /* Sources */ = {
			isa = PBXSourcesBuildPhase;
			buildActionMask = 2147483647;
			files = (
				1EEB52171C7C8B2800953ECC /* _____Tests.m in Sources */,
			);
			runOnlyForDeploymentPostprocessing = 0;
		};
/* End PBXSourcesBuildPhase section */

/* Begin PBXTargetDependency section */
		1EEB52141C7C8B2800953ECC /* PBXTargetDependency */ = {
			isa = PBXTargetDependency;
			target = 1EEB51F81C7C8B2800953ECC /* 百思不得姐 */;
			targetProxy = 1EEB52131C7C8B2800953ECC /* PBXContainerItemProxy */;
		};
/* End PBXTargetDependency section */

/* Begin XCBuildConfiguration section */
		1EEB52191C7C8B2800953ECC /* Debug */ = {
			isa = XCBuildConfiguration;
			buildSettings = {
				ALWAYS_SEARCH_USER_PATHS = NO;
				CLANG_CXX_LANGUAGE_STANDARD = "gnu++0x";
				CLANG_CXX_LIBRARY = "libc++";
				CLANG_ENABLE_MODULES = YES;
				CLANG_ENABLE_OBJC_ARC = YES;
				CLANG_WARN_BOOL_CONVERSION = YES;
				CLANG_WARN_CONSTANT_CONVERSION = YES;
				CLANG_WARN_DIRECT_OBJC_ISA_USAGE = YES_ERROR;
				CLANG_WARN_EMPTY_BODY = YES;
				CLANG_WARN_ENUM_CONVERSION = YES;
				CLANG_WARN_INT_CONVERSION = YES;
				CLANG_WARN_OBJC_ROOT_CLASS = YES_ERROR;
				CLANG_WARN_UNREACHABLE_CODE = YES;
				CLANG_WARN__DUPLICATE_METHOD_MATCH = YES;
				"CODE_SIGN_IDENTITY[sdk=iphoneos*]" = "iPhone Developer";
				COPY_PHASE_STRIP = NO;
				DEBUG_INFORMATION_FORMAT = dwarf;
				ENABLE_STRICT_OBJC_MSGSEND = YES;
				ENABLE_TESTABILITY = YES;
				GCC_C_LANGUAGE_STANDARD = gnu99;
				GCC_DYNAMIC_NO_PIC = NO;
				GCC_NO_COMMON_BLOCKS = YES;
				GCC_OPTIMIZATION_LEVEL = 0;
				GCC_PRECOMPILE_PREFIX_HEADER = YES;
				GCC_PREFIX_HEADER = "百思不得姐/PrefixHeader.pch";
				GCC_PREPROCESSOR_DEFINITIONS = (
					"DEBUG=1",
					"$(inherited)",
				);
				GCC_WARN_64_TO_32_BIT_CONVERSION = YES;
				GCC_WARN_ABOUT_RETURN_TYPE = YES_ERROR;
				GCC_WARN_UNDECLARED_SELECTOR = YES;
				GCC_WARN_UNINITIALIZED_AUTOS = YES_AGGRESSIVE;
				GCC_WARN_UNUSED_FUNCTION = YES;
				GCC_WARN_UNUSED_VARIABLE = YES;
				IPHONEOS_DEPLOYMENT_TARGET = 9.2;
				MTL_ENABLE_DEBUG_INFO = YES;
				ONLY_ACTIVE_ARCH = YES;
				SDKROOT = iphoneos;
			};
			name = Debug;
		};
		1EEB521A1C7C8B2800953ECC /* Release */ = {
			isa = XCBuildConfiguration;
			buildSettings = {
				ALWAYS_SEARCH_USER_PATHS = NO;
				CLANG_CXX_LANGUAGE_STANDARD = "gnu++0x";
				CLANG_CXX_LIBRARY = "libc++";
				CLANG_ENABLE_MODULES = YES;
				CLANG_ENABLE_OBJC_ARC = YES;
				CLANG_WARN_BOOL_CONVERSION = YES;
				CLANG_WARN_CONSTANT_CONVERSION = YES;
				CLANG_WARN_DIRECT_OBJC_ISA_USAGE = YES_ERROR;
				CLANG_WARN_EMPTY_BODY = YES;
				CLANG_WARN_ENUM_CONVERSION = YES;
				CLANG_WARN_INT_CONVERSION = YES;
				CLANG_WARN_OBJC_ROOT_CLASS = YES_ERROR;
				CLANG_WARN_UNREACHABLE_CODE = YES;
				CLANG_WARN__DUPLICATE_METHOD_MATCH = YES;
				"CODE_SIGN_IDENTITY[sdk=iphoneos*]" = "iPhone Developer";
				COPY_PHASE_STRIP = NO;
				DEBUG_INFORMATION_FORMAT = "dwarf-with-dsym";
				ENABLE_NS_ASSERTIONS = NO;
				ENABLE_STRICT_OBJC_MSGSEND = YES;
				GCC_C_LANGUAGE_STANDARD = gnu99;
				GCC_NO_COMMON_BLOCKS = YES;
				GCC_PRECOMPILE_PREFIX_HEADER = YES;
				GCC_PREFIX_HEADER = "百思不得姐/PrefixHeader.pch";
				GCC_WARN_64_TO_32_BIT_CONVERSION = YES;
				GCC_WARN_ABOUT_RETURN_TYPE = YES_ERROR;
				GCC_WARN_UNDECLARED_SELECTOR = YES;
				GCC_WARN_UNINITIALIZED_AUTOS = YES_AGGRESSIVE;
				GCC_WARN_UNUSED_FUNCTION = YES;
				GCC_WARN_UNUSED_VARIABLE = YES;
				IPHONEOS_DEPLOYMENT_TARGET = 9.2;
				MTL_ENABLE_DEBUG_INFO = NO;
				SDKROOT = iphoneos;
				VALIDATE_PRODUCT = YES;
			};
			name = Release;
		};
		1EEB521C1C7C8B2800953ECC /* Debug */ = {
			isa = XCBuildConfiguration;
			baseConfigurationReference = BB81CF451888B8702571A5D8 /* Pods.debug.xcconfig */;
			buildSettings = {
				ASSETCATALOG_COMPILER_APPICON_NAME = AppIcon;
				ASSETCATALOG_COMPILER_LAUNCHIMAGE_NAME = LaunchImage;
				GCC_PRECOMPILE_PREFIX_HEADER = YES;
				GCC_PREFIX_HEADER = "百思不得姐/Classes/Other-其他/PrefixHeader.pch";
				INFOPLIST_FILE = "百思不得姐/Info.plist";
				LD_RUNPATH_SEARCH_PATHS = "$(inherited) @executable_path/Frameworks";
				PRODUCT_BUNDLE_IDENTIFIER = "suhaonan.-----";
				PRODUCT_NAME = "$(TARGET_NAME)";
				TARGETED_DEVICE_FAMILY = 1;
			};
			name = Debug;
		};
		1EEB521D1C7C8B2800953ECC /* Release */ = {
			isa = XCBuildConfiguration;
			baseConfigurationReference = FBA596042DEC14038ED5C12F /* Pods.release.xcconfig */;
			buildSettings = {
				ASSETCATALOG_COMPILER_APPICON_NAME = AppIcon;
				ASSETCATALOG_COMPILER_LAUNCHIMAGE_NAME = LaunchImage;
				GCC_PRECOMPILE_PREFIX_HEADER = YES;
				GCC_PREFIX_HEADER = "百思不得姐/Classes/Other-其他/PrefixHeader.pch";
				INFOPLIST_FILE = "百思不得姐/Info.plist";
				LD_RUNPATH_SEARCH_PATHS = "$(inherited) @executable_path/Frameworks";
				PRODUCT_BUNDLE_IDENTIFIER = "suhaonan.-----";
				PRODUCT_NAME = "$(TARGET_NAME)";
				TARGETED_DEVICE_FAMILY = 1;
			};
			name = Release;
		};
		1EEB521F1C7C8B2800953ECC /* Debug */ = {
			isa = XCBuildConfiguration;
			buildSettings = {
				BUNDLE_LOADER = "$(TEST_HOST)";
				INFOPLIST_FILE = "百思不得姐Tests/Info.plist";
				LD_RUNPATH_SEARCH_PATHS = "$(inherited) @executable_path/Frameworks @loader_path/Frameworks";
				PRODUCT_BUNDLE_IDENTIFIER = "suhaonan.-----Tests";
				PRODUCT_NAME = "$(TARGET_NAME)";
				TEST_HOST = "$(BUILT_PRODUCTS_DIR)/百思不得姐.app/百思不得姐";
			};
			name = Debug;
		};
		1EEB52201C7C8B2800953ECC /* Release */ = {
			isa = XCBuildConfiguration;
			buildSettings = {
				BUNDLE_LOADER = "$(TEST_HOST)";
				INFOPLIST_FILE = "百思不得姐Tests/Info.plist";
				LD_RUNPATH_SEARCH_PATHS = "$(inherited) @executable_path/Frameworks @loader_path/Frameworks";
				PRODUCT_BUNDLE_IDENTIFIER = "suhaonan.-----Tests";
				PRODUCT_NAME = "$(TARGET_NAME)";
				TEST_HOST = "$(BUILT_PRODUCTS_DIR)/百思不得姐.app/百思不得姐";
			};
			name = Release;
		};
/* End XCBuildConfiguration section */

/* Begin XCConfigurationList section */
		1EEB51F41C7C8B2800953ECC /* Build configuration list for PBXProject "百思不得姐" */ = {
			isa = XCConfigurationList;
			buildConfigurations = (
				1EEB52191C7C8B2800953ECC /* Debug */,
				1EEB521A1C7C8B2800953ECC /* Release */,
			);
			defaultConfigurationIsVisible = 0;
			defaultConfigurationName = Release;
		};
		1EEB521B1C7C8B2800953ECC /* Build configuration list for PBXNativeTarget "百思不得姐" */ = {
			isa = XCConfigurationList;
			buildConfigurations = (
				1EEB521C1C7C8B2800953ECC /* Debug */,
				1EEB521D1C7C8B2800953ECC /* Release */,
			);
			defaultConfigurationIsVisible = 0;
			defaultConfigurationName = Release;
		};
		1EEB521E1C7C8B2800953ECC /* Build configuration list for PBXNativeTarget "百思不得姐Tests" */ = {
			isa = XCConfigurationList;
			buildConfigurations = (
				1EEB521F1C7C8B2800953ECC /* Debug */,
				1EEB52201C7C8B2800953ECC /* Release */,
			);
			defaultConfigurationIsVisible = 0;
			defaultConfigurationName = Release;
		};
/* End XCConfigurationList section */
	};
	rootObject = 1EEB51F11C7C8B2800953ECC /* Project object */;
}
